// !$*UTF8*$!
{
	archiveVersion = 1;
	classes = {
	};
	objectVersion = 56;
	objects = {

/* Begin PBXBuildFile section */
		4E7801472A16401400E3B385 /* LogInScreen.swift in Sources */ = {isa = PBXBuildFile; fileRef = 4E7801462A16401400E3B385 /* LogInScreen.swift */; };
		4E7801492A165A9400E3B385 /* TeacherProfileScreen.swift in Sources */ = {isa = PBXBuildFile; fileRef = 4E7801482A165A9400E3B385 /* TeacherProfileScreen.swift */; };
		4E78014B2A16E41B00E3B385 /* MusicTasteScreen.swift in Sources */ = {isa = PBXBuildFile; fileRef = 4E78014A2A16E41B00E3B385 /* MusicTasteScreen.swift */; };
		4E78014D2A1942E500E3B385 /* StudentProfileScreen.swift in Sources */ = {isa = PBXBuildFile; fileRef = 4E78014C2A1942E500E3B385 /* StudentProfileScreen.swift */; };
		4E78014F2A1A1B5100E3B385 /* SelectInstrumentsScreen.swift in Sources */ = {isa = PBXBuildFile; fileRef = 4E78014E2A1A1B5100E3B385 /* SelectInstrumentsScreen.swift */; };
		4EC8DCF82A1A8E9D0065F575 /* FindTeachersScreen.swift in Sources */ = {isa = PBXBuildFile; fileRef = 4EC8DCF72A1A8E9D0065F575 /* FindTeachersScreen.swift */; };
		DC43EA0F2A1BCBCA00C08056 /* AddSongScreen.swift in Sources */ = {isa = PBXBuildFile; fileRef = DC43EA0E2A1BCBCA00C08056 /* AddSongScreen.swift */; };
		DC43EA112A1BCD7000C08056 /* SongDetailScreen.swift in Sources */ = {isa = PBXBuildFile; fileRef = DC43EA102A1BCD7000C08056 /* SongDetailScreen.swift */; };
		DC4C54A12A1E436900E8141C /* SpotifyAPI in Frameworks */ = {isa = PBXBuildFile; productRef = DC4C54A02A1E436900E8141C /* SpotifyAPI */; };
		DC4C54A42A1E442100E8141C /* Spotify.swift in Sources */ = {isa = PBXBuildFile; fileRef = DC4C54A32A1E442100E8141C /* Spotify.swift */; };
		DC4C54A72A1E461B00E8141C /* KeychainAccess in Frameworks */ = {isa = PBXBuildFile; productRef = DC4C54A62A1E461B00E8141C /* KeychainAccess */; };
		DCCD07572A1625C4002CB449 /* SoundScoutApp.swift in Sources */ = {isa = PBXBuildFile; fileRef = DCCD07562A1625C4002CB449 /* SoundScoutApp.swift */; };
		DCCD07592A1625C4002CB449 /* ContentView.swift in Sources */ = {isa = PBXBuildFile; fileRef = DCCD07582A1625C4002CB449 /* ContentView.swift */; };
		DCCD075B2A1625C5002CB449 /* Assets.xcassets in Resources */ = {isa = PBXBuildFile; fileRef = DCCD075A2A1625C5002CB449 /* Assets.xcassets */; };
		DCCD075E2A1625C5002CB449 /* Preview Assets.xcassets in Resources */ = {isa = PBXBuildFile; fileRef = DCCD075D2A1625C5002CB449 /* Preview Assets.xcassets */; };
		DCCD07652A162980002CB449 /* Constants.swift in Sources */ = {isa = PBXBuildFile; fileRef = DCCD07642A162980002CB449 /* Constants.swift */; };
		DCCD07682A162B11002CB449 /* OnboardingSidebar.swift in Sources */ = {isa = PBXBuildFile; fileRef = DCCD07672A162B11002CB449 /* OnboardingSidebar.swift */; };
		DCCD076A2A163245002CB449 /* SSTextField.swift in Sources */ = {isa = PBXBuildFile; fileRef = DCCD07692A163245002CB449 /* SSTextField.swift */; };
		DCCD07702A163508002CB449 /* SignUpScreen.swift in Sources */ = {isa = PBXBuildFile; fileRef = DCCD076F2A163508002CB449 /* SignUpScreen.swift */; };
		DCCD07722A16357E002CB449 /* SSSegmentedControlButton.swift in Sources */ = {isa = PBXBuildFile; fileRef = DCCD07712A16357E002CB449 /* SSSegmentedControlButton.swift */; };
		DCCD07742A16368C002CB449 /* SSPrimaryNavigationButtonText.swift in Sources */ = {isa = PBXBuildFile; fileRef = DCCD07732A16368C002CB449 /* SSPrimaryNavigationButtonText.swift */; };
		DCCD07762A1636CD002CB449 /* SSSecondaryNavigationButtonText.swift in Sources */ = {isa = PBXBuildFile; fileRef = DCCD07752A1636CD002CB449 /* SSSecondaryNavigationButtonText.swift */; };
		DCCD07782A16391E002CB449 /* SSContentBackground.swift in Sources */ = {isa = PBXBuildFile; fileRef = DCCD07772A16391E002CB449 /* SSContentBackground.swift */; };
		DCD409612A1A16B0008220F1 /* TeacherHomeScreen.swift in Sources */ = {isa = PBXBuildFile; fileRef = DCD409602A1A16B0008220F1 /* TeacherHomeScreen.swift */; };
		DCD409632A1A1871008220F1 /* TeacherSidebar.swift in Sources */ = {isa = PBXBuildFile; fileRef = DCD409622A1A1871008220F1 /* TeacherSidebar.swift */; };
		DCD409652A1A1CAC008220F1 /* MyStudentsScreen.swift in Sources */ = {isa = PBXBuildFile; fileRef = DCD409642A1A1CAC008220F1 /* MyStudentsScreen.swift */; };
		DCD409672A1A2016008220F1 /* MySongsScreen.swift in Sources */ = {isa = PBXBuildFile; fileRef = DCD409662A1A2016008220F1 /* MySongsScreen.swift */; };
		DCD409692A1A30CE008220F1 /* SSCheckbox.swift in Sources */ = {isa = PBXBuildFile; fileRef = DCD409682A1A30CE008220F1 /* SSCheckbox.swift */; };
/* End PBXBuildFile section */

/* Begin PBXFileReference section */
		4E7801462A16401400E3B385 /* LogInScreen.swift */ = {isa = PBXFileReference; lastKnownFileType = sourcecode.swift; path = LogInScreen.swift; sourceTree = "<group>"; };
		4E7801482A165A9400E3B385 /* TeacherProfileScreen.swift */ = {isa = PBXFileReference; lastKnownFileType = sourcecode.swift; name = TeacherProfileScreen.swift; path = SoundScout/Screens/Onboarding/TeacherProfileScreen.swift; sourceTree = SOURCE_ROOT; };
		4E78014A2A16E41B00E3B385 /* MusicTasteScreen.swift */ = {isa = PBXFileReference; lastKnownFileType = sourcecode.swift; name = MusicTasteScreen.swift; path = SoundScout/Screens/Onboarding/MusicTasteScreen.swift; sourceTree = SOURCE_ROOT; };
		4E78014C2A1942E500E3B385 /* StudentProfileScreen.swift */ = {isa = PBXFileReference; lastKnownFileType = sourcecode.swift; name = StudentProfileScreen.swift; path = SoundScout/Screens/Onboarding/StudentProfileScreen.swift; sourceTree = SOURCE_ROOT; };
		4E78014E2A1A1B5100E3B385 /* SelectInstrumentsScreen.swift */ = {isa = PBXFileReference; lastKnownFileType = sourcecode.swift; path = SelectInstrumentsScreen.swift; sourceTree = "<group>"; };
		4EC8DCF72A1A8E9D0065F575 /* FindTeachersScreen.swift */ = {isa = PBXFileReference; lastKnownFileType = sourcecode.swift; name = FindTeachersScreen.swift; path = SoundScout/Screens/FindTeachersScreen.swift; sourceTree = SOURCE_ROOT; };
		DC43EA0E2A1BCBCA00C08056 /* AddSongScreen.swift */ = {isa = PBXFileReference; lastKnownFileType = sourcecode.swift; path = AddSongScreen.swift; sourceTree = "<group>"; };
		DC43EA102A1BCD7000C08056 /* SongDetailScreen.swift */ = {isa = PBXFileReference; lastKnownFileType = sourcecode.swift; path = SongDetailScreen.swift; sourceTree = "<group>"; };
		DC4C54A32A1E442100E8141C /* Spotify.swift */ = {isa = PBXFileReference; lastKnownFileType = sourcecode.swift; path = Spotify.swift; sourceTree = "<group>"; };
		DC4C54A82A1E477200E8141C /* Info.plist */ = {isa = PBXFileReference; lastKnownFileType = text.plist; path = Info.plist; sourceTree = "<group>"; };
		DCCD07532A1625C4002CB449 /* SoundScout.app */ = {isa = PBXFileReference; explicitFileType = wrapper.application; includeInIndex = 0; path = SoundScout.app; sourceTree = BUILT_PRODUCTS_DIR; };
		DCCD07562A1625C4002CB449 /* SoundScoutApp.swift */ = {isa = PBXFileReference; lastKnownFileType = sourcecode.swift; path = SoundScoutApp.swift; sourceTree = "<group>"; };
		DCCD07582A1625C4002CB449 /* ContentView.swift */ = {isa = PBXFileReference; lastKnownFileType = sourcecode.swift; path = ContentView.swift; sourceTree = "<group>"; };
		DCCD075A2A1625C5002CB449 /* Assets.xcassets */ = {isa = PBXFileReference; lastKnownFileType = folder.assetcatalog; path = Assets.xcassets; sourceTree = "<group>"; };
		DCCD075D2A1625C5002CB449 /* Preview Assets.xcassets */ = {isa = PBXFileReference; lastKnownFileType = folder.assetcatalog; path = "Preview Assets.xcassets"; sourceTree = "<group>"; };
		DCCD07642A162980002CB449 /* Constants.swift */ = {isa = PBXFileReference; lastKnownFileType = sourcecode.swift; path = Constants.swift; sourceTree = "<group>"; };
		DCCD07672A162B11002CB449 /* OnboardingSidebar.swift */ = {isa = PBXFileReference; lastKnownFileType = sourcecode.swift; path = OnboardingSidebar.swift; sourceTree = "<group>"; };
		DCCD07692A163245002CB449 /* SSTextField.swift */ = {isa = PBXFileReference; lastKnownFileType = sourcecode.swift; path = SSTextField.swift; sourceTree = "<group>"; };
		DCCD076F2A163508002CB449 /* SignUpScreen.swift */ = {isa = PBXFileReference; lastKnownFileType = sourcecode.swift; path = SignUpScreen.swift; sourceTree = "<group>"; };
		DCCD07712A16357E002CB449 /* SSSegmentedControlButton.swift */ = {isa = PBXFileReference; lastKnownFileType = sourcecode.swift; path = SSSegmentedControlButton.swift; sourceTree = "<group>"; };
		DCCD07732A16368C002CB449 /* SSPrimaryNavigationButtonText.swift */ = {isa = PBXFileReference; lastKnownFileType = sourcecode.swift; path = SSPrimaryNavigationButtonText.swift; sourceTree = "<group>"; };
		DCCD07752A1636CD002CB449 /* SSSecondaryNavigationButtonText.swift */ = {isa = PBXFileReference; lastKnownFileType = sourcecode.swift; path = SSSecondaryNavigationButtonText.swift; sourceTree = "<group>"; };
		DCCD07772A16391E002CB449 /* SSContentBackground.swift */ = {isa = PBXFileReference; lastKnownFileType = sourcecode.swift; path = SSContentBackground.swift; sourceTree = "<group>"; };
		DCD409602A1A16B0008220F1 /* TeacherHomeScreen.swift */ = {isa = PBXFileReference; lastKnownFileType = sourcecode.swift; path = TeacherHomeScreen.swift; sourceTree = "<group>"; };
		DCD409622A1A1871008220F1 /* TeacherSidebar.swift */ = {isa = PBXFileReference; lastKnownFileType = sourcecode.swift; path = TeacherSidebar.swift; sourceTree = "<group>"; };
		DCD409642A1A1CAC008220F1 /* MyStudentsScreen.swift */ = {isa = PBXFileReference; lastKnownFileType = sourcecode.swift; path = MyStudentsScreen.swift; sourceTree = "<group>"; };
		DCD409662A1A2016008220F1 /* MySongsScreen.swift */ = {isa = PBXFileReference; lastKnownFileType = sourcecode.swift; path = MySongsScreen.swift; sourceTree = "<group>"; };
		DCD409682A1A30CE008220F1 /* SSCheckbox.swift */ = {isa = PBXFileReference; lastKnownFileType = sourcecode.swift; path = SSCheckbox.swift; sourceTree = "<group>"; };
/* End PBXFileReference section */

/* Begin PBXFrameworksBuildPhase section */
		DCCD07502A1625C4002CB449 /* Frameworks */ = {
			isa = PBXFrameworksBuildPhase;
			buildActionMask = 2147483647;
			files = (
				DC4C54A72A1E461B00E8141C /* KeychainAccess in Frameworks */,
				DC4C54A12A1E436900E8141C /* SpotifyAPI in Frameworks */,
			);
			runOnlyForDeploymentPostprocessing = 0;
		};
/* End PBXFrameworksBuildPhase section */

/* Begin PBXGroup section */
		DC4C54A22A1E441400E8141C /* Model */ = {
			isa = PBXGroup;
			children = (
				DC4C54A32A1E442100E8141C /* Spotify.swift */,
			);
			path = Model;
			sourceTree = "<group>";
		};
		DCCD074A2A1625C4002CB449 = {
			isa = PBXGroup;
			children = (
				DCCD07552A1625C4002CB449 /* SoundScout */,
				DCCD07542A1625C4002CB449 /* Products */,
			);
			sourceTree = "<group>";
		};
		DCCD07542A1625C4002CB449 /* Products */ = {
			isa = PBXGroup;
			children = (
				DCCD07532A1625C4002CB449 /* SoundScout.app */,
			);
			name = Products;
			sourceTree = "<group>";
		};
		DCCD07552A1625C4002CB449 /* SoundScout */ = {
			isa = PBXGroup;
			children = (
				DC4C54A82A1E477200E8141C /* Info.plist */,
				DCCD07562A1625C4002CB449 /* SoundScoutApp.swift */,
				DCCD07582A1625C4002CB449 /* ContentView.swift */,
				DCCD07662A162AEE002CB449 /* Components */,
				DCCD076B2A1634EB002CB449 /* Screens */,
				DC4C54A22A1E441400E8141C /* Model */,
				DCCD07642A162980002CB449 /* Constants.swift */,
				DCCD075A2A1625C5002CB449 /* Assets.xcassets */,
				DCCD075C2A1625C5002CB449 /* Preview Content */,
			);
			path = SoundScout;
			sourceTree = "<group>";
		};
		DCCD075C2A1625C5002CB449 /* Preview Content */ = {
			isa = PBXGroup;
			children = (
				DCCD075D2A1625C5002CB449 /* Preview Assets.xcassets */,
			);
			path = "Preview Content";
			sourceTree = "<group>";
		};
		DCCD07662A162AEE002CB449 /* Components */ = {
			isa = PBXGroup;
			children = (
				DCCD07672A162B11002CB449 /* OnboardingSidebar.swift */,
				DCCD07692A163245002CB449 /* SSTextField.swift */,
				DCCD07712A16357E002CB449 /* SSSegmentedControlButton.swift */,
				DCCD07732A16368C002CB449 /* SSPrimaryNavigationButtonText.swift */,
				DCCD07752A1636CD002CB449 /* SSSecondaryNavigationButtonText.swift */,
				DCCD07772A16391E002CB449 /* SSContentBackground.swift */,
				DCD409682A1A30CE008220F1 /* SSCheckbox.swift */,
			);
			path = Components;
			sourceTree = "<group>";
		};
		DCCD076B2A1634EB002CB449 /* Screens */ = {
			isa = PBXGroup;
			children = (
				DCD4095F2A1A169C008220F1 /* Common */,
				DCD4095E2A1A1694008220F1 /* Student */,
				DCD4095D2A1A168C008220F1 /* Teacher */,
				DCCD076C2A1634F3002CB449 /* Onboarding */,
				4E78014E2A1A1B5100E3B385 /* SelectInstrumentsScreen.swift */,
			);
			path = Screens;
			sourceTree = "<group>";
		};
		DCCD076C2A1634F3002CB449 /* Onboarding */ = {
			isa = PBXGroup;
			children = (
				DCCD076E2A1634FC002CB449 /* Students */,
				DCCD076D2A1634F7002CB449 /* Teacher */,
				DCCD076F2A163508002CB449 /* SignUpScreen.swift */,
				4E78014A2A16E41B00E3B385 /* MusicTasteScreen.swift */,
				4E7801462A16401400E3B385 /* LogInScreen.swift */,
			);
			path = Onboarding;
			sourceTree = "<group>";
		};
		DCCD076D2A1634F7002CB449 /* Teacher */ = {
			isa = PBXGroup;
			children = (
				4E7801482A165A9400E3B385 /* TeacherProfileScreen.swift */,
			);
			path = Teacher;
			sourceTree = "<group>";
		};
		DCCD076E2A1634FC002CB449 /* Students */ = {
			isa = PBXGroup;
			children = (
				4E78014C2A1942E500E3B385 /* StudentProfileScreen.swift */,
			);
			path = Students;
			sourceTree = "<group>";
		};
		DCD4095D2A1A168C008220F1 /* Teacher */ = {
			isa = PBXGroup;
			children = (
				DCD409602A1A16B0008220F1 /* TeacherHomeScreen.swift */,
				DCD409622A1A1871008220F1 /* TeacherSidebar.swift */,
				DCD409642A1A1CAC008220F1 /* MyStudentsScreen.swift */,
				DCD409662A1A2016008220F1 /* MySongsScreen.swift */,
				DC43EA0E2A1BCBCA00C08056 /* AddSongScreen.swift */,
				DC43EA102A1BCD7000C08056 /* SongDetailScreen.swift */,
			);
			path = Teacher;
			sourceTree = "<group>";
		};
		DCD4095E2A1A1694008220F1 /* Student */ = {
			isa = PBXGroup;
			children = (
				4EC8DCF72A1A8E9D0065F575 /* FindTeachersScreen.swift */,
			);
			path = Student;
			sourceTree = "<group>";
		};
		DCD4095F2A1A169C008220F1 /* Common */ = {
			isa = PBXGroup;
			children = (
			);
			path = Common;
			sourceTree = "<group>";
		};
/* End PBXGroup section */

/* Begin PBXNativeTarget section */
		DCCD07522A1625C4002CB449 /* SoundScout */ = {
			isa = PBXNativeTarget;
			buildConfigurationList = DCCD07612A1625C5002CB449 /* Build configuration list for PBXNativeTarget "SoundScout" */;
			buildPhases = (
				DCCD074F2A1625C4002CB449 /* Sources */,
				DCCD07502A1625C4002CB449 /* Frameworks */,
				DCCD07512A1625C4002CB449 /* Resources */,
			);
			buildRules = (
			);
			dependencies = (
			);
			name = SoundScout;
			packageProductDependencies = (
				DC4C54A02A1E436900E8141C /* SpotifyAPI */,
				DC4C54A62A1E461B00E8141C /* KeychainAccess */,
			);
			productName = SoundScout;
			productReference = DCCD07532A1625C4002CB449 /* SoundScout.app */;
			productType = "com.apple.product-type.application";
		};
/* End PBXNativeTarget section */

/* Begin PBXProject section */
		DCCD074B2A1625C4002CB449 /* Project object */ = {
			isa = PBXProject;
			attributes = {
				BuildIndependentTargetsInParallel = 1;
				LastSwiftUpdateCheck = 1420;
				LastUpgradeCheck = 1420;
				TargetAttributes = {
					DCCD07522A1625C4002CB449 = {
						CreatedOnToolsVersion = 14.2;
					};
				};
			};
			buildConfigurationList = DCCD074E2A1625C4002CB449 /* Build configuration list for PBXProject "SoundScout" */;
			compatibilityVersion = "Xcode 14.0";
			developmentRegion = en;
			hasScannedForEncodings = 0;
			knownRegions = (
				en,
				Base,
			);
			mainGroup = DCCD074A2A1625C4002CB449;
			packageReferences = (
				DC4C549F2A1E436900E8141C /* XCRemoteSwiftPackageReference "SpotifyAPI" */,
				DC4C54A52A1E461B00E8141C /* XCRemoteSwiftPackageReference "KeychainAccess" */,
			);
			productRefGroup = DCCD07542A1625C4002CB449 /* Products */;
			projectDirPath = "";
			projectRoot = "";
			targets = (
				DCCD07522A1625C4002CB449 /* SoundScout */,
			);
		};
/* End PBXProject section */

/* Begin PBXResourcesBuildPhase section */
		DCCD07512A1625C4002CB449 /* Resources */ = {
			isa = PBXResourcesBuildPhase;
			buildActionMask = 2147483647;
			files = (
				DCCD075E2A1625C5002CB449 /* Preview Assets.xcassets in Resources */,
				DCCD075B2A1625C5002CB449 /* Assets.xcassets in Resources */,
			);
			runOnlyForDeploymentPostprocessing = 0;
		};
/* End PBXResourcesBuildPhase section */

/* Begin PBXSourcesBuildPhase section */
		DCCD074F2A1625C4002CB449 /* Sources */ = {
			isa = PBXSourcesBuildPhase;
			buildActionMask = 2147483647;
			files = (
				DCD409692A1A30CE008220F1 /* SSCheckbox.swift in Sources */,
				DCCD07592A1625C4002CB449 /* ContentView.swift in Sources */,
				DCCD07572A1625C4002CB449 /* SoundScoutApp.swift in Sources */,
				DCCD07762A1636CD002CB449 /* SSSecondaryNavigationButtonText.swift in Sources */,
				4E78014F2A1A1B5100E3B385 /* SelectInstrumentsScreen.swift in Sources */,
				DCCD076A2A163245002CB449 /* SSTextField.swift in Sources */,
				DC4C54A42A1E442100E8141C /* Spotify.swift in Sources */,
				DCD409652A1A1CAC008220F1 /* MyStudentsScreen.swift in Sources */,
				4E78014B2A16E41B00E3B385 /* MusicTasteScreen.swift in Sources */,
				DCD409672A1A2016008220F1 /* MySongsScreen.swift in Sources */,
				DC43EA112A1BCD7000C08056 /* SongDetailScreen.swift in Sources */,
				DCD409632A1A1871008220F1 /* TeacherSidebar.swift in Sources */,
				DCD409612A1A16B0008220F1 /* TeacherHomeScreen.swift in Sources */,
				DCCD07742A16368C002CB449 /* SSPrimaryNavigationButtonText.swift in Sources */,
				DCCD07782A16391E002CB449 /* SSContentBackground.swift in Sources */,
				DCCD07652A162980002CB449 /* Constants.swift in Sources */,
				4E7801492A165A9400E3B385 /* TeacherProfileScreen.swift in Sources */,
				4E78014D2A1942E500E3B385 /* StudentProfileScreen.swift in Sources */,
				DCCD07682A162B11002CB449 /* OnboardingSidebar.swift in Sources */,
				4E7801472A16401400E3B385 /* LogInScreen.swift in Sources */,
				DCCD07702A163508002CB449 /* SignUpScreen.swift in Sources */,
				4EC8DCF82A1A8E9D0065F575 /* FindTeachersScreen.swift in Sources */,
				DC43EA0F2A1BCBCA00C08056 /* AddSongScreen.swift in Sources */,
				DCCD07722A16357E002CB449 /* SSSegmentedControlButton.swift in Sources */,
			);
			runOnlyForDeploymentPostprocessing = 0;
		};
/* End PBXSourcesBuildPhase section */

/* Begin XCBuildConfiguration section */
		DCCD075F2A1625C5002CB449 /* Debug */ = {
			isa = XCBuildConfiguration;
			buildSettings = {
				ALWAYS_SEARCH_USER_PATHS = NO;
				CLANG_ANALYZER_NONNULL = YES;
				CLANG_ANALYZER_NUMBER_OBJECT_CONVERSION = YES_AGGRESSIVE;
				CLANG_CXX_LANGUAGE_STANDARD = "gnu++20";
				CLANG_ENABLE_MODULES = YES;
				CLANG_ENABLE_OBJC_ARC = YES;
				CLANG_ENABLE_OBJC_WEAK = YES;
				CLANG_WARN_BLOCK_CAPTURE_AUTORELEASING = YES;
				CLANG_WARN_BOOL_CONVERSION = YES;
				CLANG_WARN_COMMA = YES;
				CLANG_WARN_CONSTANT_CONVERSION = YES;
				CLANG_WARN_DEPRECATED_OBJC_IMPLEMENTATIONS = YES;
				CLANG_WARN_DIRECT_OBJC_ISA_USAGE = YES_ERROR;
				CLANG_WARN_DOCUMENTATION_COMMENTS = YES;
				CLANG_WARN_EMPTY_BODY = YES;
				CLANG_WARN_ENUM_CONVERSION = YES;
				CLANG_WARN_INFINITE_RECURSION = YES;
				CLANG_WARN_INT_CONVERSION = YES;
				CLANG_WARN_NON_LITERAL_NULL_CONVERSION = YES;
				CLANG_WARN_OBJC_IMPLICIT_RETAIN_SELF = YES;
				CLANG_WARN_OBJC_LITERAL_CONVERSION = YES;
				CLANG_WARN_OBJC_ROOT_CLASS = YES_ERROR;
				CLANG_WARN_QUOTED_INCLUDE_IN_FRAMEWORK_HEADER = YES;
				CLANG_WARN_RANGE_LOOP_ANALYSIS = YES;
				CLANG_WARN_STRICT_PROTOTYPES = YES;
				CLANG_WARN_SUSPICIOUS_MOVE = YES;
				CLANG_WARN_UNGUARDED_AVAILABILITY = YES_AGGRESSIVE;
				CLANG_WARN_UNREACHABLE_CODE = YES;
				CLANG_WARN__DUPLICATE_METHOD_MATCH = YES;
				COPY_PHASE_STRIP = NO;
				DEBUG_INFORMATION_FORMAT = dwarf;
				ENABLE_STRICT_OBJC_MSGSEND = YES;
				ENABLE_TESTABILITY = YES;
				GCC_C_LANGUAGE_STANDARD = gnu11;
				GCC_DYNAMIC_NO_PIC = NO;
				GCC_NO_COMMON_BLOCKS = YES;
				GCC_OPTIMIZATION_LEVEL = 0;
				GCC_PREPROCESSOR_DEFINITIONS = (
					"DEBUG=1",
					"$(inherited)",
				);
				GCC_WARN_64_TO_32_BIT_CONVERSION = YES;
				GCC_WARN_ABOUT_RETURN_TYPE = YES_ERROR;
				GCC_WARN_UNDECLARED_SELECTOR = YES;
				GCC_WARN_UNINITIALIZED_AUTOS = YES_AGGRESSIVE;
				GCC_WARN_UNUSED_FUNCTION = YES;
				GCC_WARN_UNUSED_VARIABLE = YES;
				IPHONEOS_DEPLOYMENT_TARGET = 16.2;
				MTL_ENABLE_DEBUG_INFO = INCLUDE_SOURCE;
				MTL_FAST_MATH = YES;
				ONLY_ACTIVE_ARCH = YES;
				SDKROOT = iphoneos;
				SWIFT_ACTIVE_COMPILATION_CONDITIONS = DEBUG;
				SWIFT_OPTIMIZATION_LEVEL = "-Onone";
			};
			name = Debug;
		};
		DCCD07602A1625C5002CB449 /* Release */ = {
			isa = XCBuildConfiguration;
			buildSettings = {
				ALWAYS_SEARCH_USER_PATHS = NO;
				CLANG_ANALYZER_NONNULL = YES;
				CLANG_ANALYZER_NUMBER_OBJECT_CONVERSION = YES_AGGRESSIVE;
				CLANG_CXX_LANGUAGE_STANDARD = "gnu++20";
				CLANG_ENABLE_MODULES = YES;
				CLANG_ENABLE_OBJC_ARC = YES;
				CLANG_ENABLE_OBJC_WEAK = YES;
				CLANG_WARN_BLOCK_CAPTURE_AUTORELEASING = YES;
				CLANG_WARN_BOOL_CONVERSION = YES;
				CLANG_WARN_COMMA = YES;
				CLANG_WARN_CONSTANT_CONVERSION = YES;
				CLANG_WARN_DEPRECATED_OBJC_IMPLEMENTATIONS = YES;
				CLANG_WARN_DIRECT_OBJC_ISA_USAGE = YES_ERROR;
				CLANG_WARN_DOCUMENTATION_COMMENTS = YES;
				CLANG_WARN_EMPTY_BODY = YES;
				CLANG_WARN_ENUM_CONVERSION = YES;
				CLANG_WARN_INFINITE_RECURSION = YES;
				CLANG_WARN_INT_CONVERSION = YES;
				CLANG_WARN_NON_LITERAL_NULL_CONVERSION = YES;
				CLANG_WARN_OBJC_IMPLICIT_RETAIN_SELF = YES;
				CLANG_WARN_OBJC_LITERAL_CONVERSION = YES;
				CLANG_WARN_OBJC_ROOT_CLASS = YES_ERROR;
				CLANG_WARN_QUOTED_INCLUDE_IN_FRAMEWORK_HEADER = YES;
				CLANG_WARN_RANGE_LOOP_ANALYSIS = YES;
				CLANG_WARN_STRICT_PROTOTYPES = YES;
				CLANG_WARN_SUSPICIOUS_MOVE = YES;
				CLANG_WARN_UNGUARDED_AVAILABILITY = YES_AGGRESSIVE;
				CLANG_WARN_UNREACHABLE_CODE = YES;
				CLANG_WARN__DUPLICATE_METHOD_MATCH = YES;
				COPY_PHASE_STRIP = NO;
				DEBUG_INFORMATION_FORMAT = "dwarf-with-dsym";
				ENABLE_NS_ASSERTIONS = NO;
				ENABLE_STRICT_OBJC_MSGSEND = YES;
				GCC_C_LANGUAGE_STANDARD = gnu11;
				GCC_NO_COMMON_BLOCKS = YES;
				GCC_WARN_64_TO_32_BIT_CONVERSION = YES;
				GCC_WARN_ABOUT_RETURN_TYPE = YES_ERROR;
				GCC_WARN_UNDECLARED_SELECTOR = YES;
				GCC_WARN_UNINITIALIZED_AUTOS = YES_AGGRESSIVE;
				GCC_WARN_UNUSED_FUNCTION = YES;
				GCC_WARN_UNUSED_VARIABLE = YES;
				IPHONEOS_DEPLOYMENT_TARGET = 16.2;
				MTL_ENABLE_DEBUG_INFO = NO;
				MTL_FAST_MATH = YES;
				SDKROOT = iphoneos;
				SWIFT_COMPILATION_MODE = wholemodule;
				SWIFT_OPTIMIZATION_LEVEL = "-O";
				VALIDATE_PRODUCT = YES;
			};
			name = Release;
		};
		DCCD07622A1625C5002CB449 /* Debug */ = {
			isa = XCBuildConfiguration;
			buildSettings = {
				ASSETCATALOG_COMPILER_APPICON_NAME = AppIcon;
				ASSETCATALOG_COMPILER_GLOBAL_ACCENT_COLOR_NAME = AccentColor;
				CODE_SIGN_STYLE = Automatic;
				CURRENT_PROJECT_VERSION = 1;
				DEVELOPMENT_ASSET_PATHS = "\"SoundScout/Preview Content\"";
				DEVELOPMENT_TEAM = 3FSY7YVHJY;
				ENABLE_PREVIEWS = YES;
				GENERATE_INFOPLIST_FILE = YES;
				INFOPLIST_FILE = SoundScout/Info.plist;
				INFOPLIST_KEY_UIApplicationSceneManifest_Generation = YES;
				INFOPLIST_KEY_UIApplicationSupportsIndirectInputEvents = YES;
				INFOPLIST_KEY_UILaunchScreen_Generation = YES;
				INFOPLIST_KEY_UISupportedInterfaceOrientations = "UIInterfaceOrientationLandscapeLeft UIInterfaceOrientationLandscapeRight UIInterfaceOrientationPortrait";
				INFOPLIST_KEY_UISupportedInterfaceOrientations_iPad = "UIInterfaceOrientationLandscapeLeft UIInterfaceOrientationLandscapeRight";
				LD_RUNPATH_SEARCH_PATHS = (
					"$(inherited)",
					"@executable_path/Frameworks",
				);
				MARKETING_VERSION = 1.0;
				PRODUCT_BUNDLE_IDENTIFIER = com.thomPheijffer.SoundScout;
				PRODUCT_NAME = "$(TARGET_NAME)";
				SWIFT_EMIT_LOC_STRINGS = YES;
				SWIFT_VERSION = 5.0;
				TARGETED_DEVICE_FAMILY = "1,2";
			};
			name = Debug;
		};
		DCCD07632A1625C5002CB449 /* Release */ = {
			isa = XCBuildConfiguration;
			buildSettings = {
				ASSETCATALOG_COMPILER_APPICON_NAME = AppIcon;
				ASSETCATALOG_COMPILER_GLOBAL_ACCENT_COLOR_NAME = AccentColor;
				CODE_SIGN_STYLE = Automatic;
				CURRENT_PROJECT_VERSION = 1;
				DEVELOPMENT_ASSET_PATHS = "\"SoundScout/Preview Content\"";
				DEVELOPMENT_TEAM = 3FSY7YVHJY;
				ENABLE_PREVIEWS = YES;
				GENERATE_INFOPLIST_FILE = YES;
				INFOPLIST_FILE = SoundScout/Info.plist;
				INFOPLIST_KEY_UIApplicationSceneManifest_Generation = YES;
				INFOPLIST_KEY_UIApplicationSupportsIndirectInputEvents = YES;
				INFOPLIST_KEY_UILaunchScreen_Generation = YES;
				INFOPLIST_KEY_UISupportedInterfaceOrientations = "UIInterfaceOrientationLandscapeLeft UIInterfaceOrientationLandscapeRight UIInterfaceOrientationPortrait";
				INFOPLIST_KEY_UISupportedInterfaceOrientations_iPad = "UIInterfaceOrientationLandscapeLeft UIInterfaceOrientationLandscapeRight";
				LD_RUNPATH_SEARCH_PATHS = (
					"$(inherited)",
					"@executable_path/Frameworks",
				);
				MARKETING_VERSION = 1.0;
				PRODUCT_BUNDLE_IDENTIFIER = com.thomPheijffer.SoundScout;
				PRODUCT_NAME = "$(TARGET_NAME)";
				SWIFT_EMIT_LOC_STRINGS = YES;
				SWIFT_VERSION = 5.0;
				TARGETED_DEVICE_FAMILY = "1,2";
			};
			name = Release;
		};
/* End XCBuildConfiguration section */

/* Begin XCConfigurationList section */
		DCCD074E2A1625C4002CB449 /* Build configuration list for PBXProject "SoundScout" */ = {
			isa = XCConfigurationList;
			buildConfigurations = (
				DCCD075F2A1625C5002CB449 /* Debug */,
				DCCD07602A1625C5002CB449 /* Release */,
			);
			defaultConfigurationIsVisible = 0;
			defaultConfigurationName = Release;
		};
		DCCD07612A1625C5002CB449 /* Build configuration list for PBXNativeTarget "SoundScout" */ = {
			isa = XCConfigurationList;
			buildConfigurations = (
				DCCD07622A1625C5002CB449 /* Debug */,
				DCCD07632A1625C5002CB449 /* Release */,
			);
			defaultConfigurationIsVisible = 0;
			defaultConfigurationName = Release;
		};
/* End XCConfigurationList section */

/* Begin XCRemoteSwiftPackageReference section */
		DC4C549F2A1E436900E8141C /* XCRemoteSwiftPackageReference "SpotifyAPI" */ = {
			isa = XCRemoteSwiftPackageReference;
			repositoryURL = "https://github.com/Peter-Schorn/SpotifyAPI.git";
			requirement = {
				kind = upToNextMajorVersion;
				minimumVersion = 2.0.0;
			};
		};
		DC4C54A52A1E461B00E8141C /* XCRemoteSwiftPackageReference "KeychainAccess" */ = {
			isa = XCRemoteSwiftPackageReference;
			repositoryURL = "https://github.com/kishikawakatsumi/KeychainAccess.git";
			requirement = {
				kind = upToNextMajorVersion;
				minimumVersion = 4.2.1;
			};
		};
/* End XCRemoteSwiftPackageReference section */

/* Begin XCSwiftPackageProductDependency section */
		DC4C54A02A1E436900E8141C /* SpotifyAPI */ = {
			isa = XCSwiftPackageProductDependency;
			package = DC4C549F2A1E436900E8141C /* XCRemoteSwiftPackageReference "SpotifyAPI" */;
			productName = SpotifyAPI;
		};
		DC4C54A62A1E461B00E8141C /* KeychainAccess */ = {
			isa = XCSwiftPackageProductDependency;
			package = DC4C54A52A1E461B00E8141C /* XCRemoteSwiftPackageReference "KeychainAccess" */;
			productName = KeychainAccess;
		};
/* End XCSwiftPackageProductDependency section */
	};
	rootObject = DCCD074B2A1625C4002CB449 /* Project object */;
}
