// !$*UTF8*$!
{
	archiveVersion = 1;
	classes = {
	};
	objectVersion = 56;
	objects = {

/* Begin PBXBuildFile section */
		4E7801472A16401400E3B385 /* LogInScreen.swift in Sources */ = {isa = PBXBuildFile; fileRef = 4E7801462A16401400E3B385 /* LogInScreen.swift */; };
		4E7801492A165A9400E3B385 /* CreateTeacherProfileScreen.swift in Sources */ = {isa = PBXBuildFile; fileRef = 4E7801482A165A9400E3B385 /* CreateTeacherProfileScreen.swift */; };
		4E78014B2A16E41B00E3B385 /* MusicTasteScreen.swift in Sources */ = {isa = PBXBuildFile; fileRef = 4E78014A2A16E41B00E3B385 /* MusicTasteScreen.swift */; };
		4E78014D2A1942E500E3B385 /* CreateStudentProfileScreen.swift in Sources */ = {isa = PBXBuildFile; fileRef = 4E78014C2A1942E500E3B385 /* CreateStudentProfileScreen.swift */; };
		4E78014F2A1A1B5100E3B385 /* SelectInstrumentsScreen.swift in Sources */ = {isa = PBXBuildFile; fileRef = 4E78014E2A1A1B5100E3B385 /* SelectInstrumentsScreen.swift */; };
		4EC8DCF82A1A8E9D0065F575 /* FindTeachersScreen.swift in Sources */ = {isa = PBXBuildFile; fileRef = 4EC8DCF72A1A8E9D0065F575 /* FindTeachersScreen.swift */; };
		4EC8DCFE2A1E41250065F575 /* StudentSidebar.swift in Sources */ = {isa = PBXBuildFile; fileRef = 4EC8DCFD2A1E41250065F575 /* StudentSidebar.swift */; };
		4EC8DD062A1E45E70065F575 /* FilterScreen.swift in Sources */ = {isa = PBXBuildFile; fileRef = 4EC8DD052A1E45E70065F575 /* FilterScreen.swift */; };
		4EC8DD1A2A1F8CF50065F575 /* SSContentHeader.swift in Sources */ = {isa = PBXBuildFile; fileRef = 4EC8DD192A1F8CF50065F575 /* SSContentHeader.swift */; };
		4EC8DD1C2A1F8D400065F575 /* MyTeachersScreen.swift in Sources */ = {isa = PBXBuildFile; fileRef = 4EC8DD1B2A1F8D400065F575 /* MyTeachersScreen.swift */; };
		4EC8DD1E2A1F8DD70065F575 /* StudentHomeScreen.swift in Sources */ = {isa = PBXBuildFile; fileRef = 4EC8DD1D2A1F8DD70065F575 /* StudentHomeScreen.swift */; };
		4EC8DD202A1F8E050065F575 /* ScheduleScreen.swift in Sources */ = {isa = PBXBuildFile; fileRef = 4EC8DD1F2A1F8E050065F575 /* ScheduleScreen.swift */; };
		4EC8DD222A1F8F850065F575 /* StudentContentView.swift in Sources */ = {isa = PBXBuildFile; fileRef = 4EC8DD212A1F8F850065F575 /* StudentContentView.swift */; };
		4EC8DD242A1F8FD40065F575 /* StudentMessagesScreen.swift in Sources */ = {isa = PBXBuildFile; fileRef = 4EC8DD232A1F8FD40065F575 /* StudentMessagesScreen.swift */; };
		4EC8DD262A1F903C0065F575 /* TeacherContentView.swift in Sources */ = {isa = PBXBuildFile; fileRef = 4EC8DD252A1F903C0065F575 /* TeacherContentView.swift */; };
		4EC8DD282A1F90B00065F575 /* TeacherMessagesScreen.swift in Sources */ = {isa = PBXBuildFile; fileRef = 4EC8DD272A1F90B00065F575 /* TeacherMessagesScreen.swift */; };
		4EC8DD2A2A1F90DB0065F575 /* TeacherHomeScreen.swift in Sources */ = {isa = PBXBuildFile; fileRef = 4EC8DD292A1F90DB0065F575 /* TeacherHomeScreen.swift */; };
		4EC8DD2C2A1FAD3B0065F575 /* LessonsScreen.swift in Sources */ = {isa = PBXBuildFile; fileRef = 4EC8DD2B2A1FAD3B0065F575 /* LessonsScreen.swift */; };
		4EC8DD2E2A1FB6540065F575 /* StudentLessonDetailScreen.swift in Sources */ = {isa = PBXBuildFile; fileRef = 4EC8DD2D2A1FB6540065F575 /* StudentLessonDetailScreen.swift */; };
		4EC8DD302A2291C90065F575 /* StudentSongDetailsScreen.swift in Sources */ = {isa = PBXBuildFile; fileRef = 4EC8DD2F2A2291C90065F575 /* StudentSongDetailsScreen.swift */; };
		4EC8DD322A2375CF0065F575 /* StudentExercisesScreen.swift in Sources */ = {isa = PBXBuildFile; fileRef = 4EC8DD312A2375CF0065F575 /* StudentExercisesScreen.swift */; };
		4EC8DD382A24EDBC0065F575 /* TeacherLessonDetailsScreen.swift in Sources */ = {isa = PBXBuildFile; fileRef = 4EC8DD372A24EDBC0065F575 /* TeacherLessonDetailsScreen.swift */; };
		4EC8DD3A2A24EF2E0065F575 /* TeacherSongDeatilsScreen.swift in Sources */ = {isa = PBXBuildFile; fileRef = 4EC8DD392A24EF2E0065F575 /* TeacherSongDeatilsScreen.swift */; };
		4EC8DD3C2A24F11C0065F575 /* TeacherRecordExerciseScreen.swift in Sources */ = {isa = PBXBuildFile; fileRef = 4EC8DD3B2A24F11C0065F575 /* TeacherRecordExerciseScreen.swift */; };
		DC43EA0F2A1BCBCA00C08056 /* AddSongScreen.swift in Sources */ = {isa = PBXBuildFile; fileRef = DC43EA0E2A1BCBCA00C08056 /* AddSongScreen.swift */; };
		DC43EA112A1BCD7000C08056 /* SongDetailScreen.swift in Sources */ = {isa = PBXBuildFile; fileRef = DC43EA102A1BCD7000C08056 /* SongDetailScreen.swift */; };
		DC4C54A12A1E436900E8141C /* SpotifyAPI in Frameworks */ = {isa = PBXBuildFile; productRef = DC4C54A02A1E436900E8141C /* SpotifyAPI */; };
		DC4C54A42A1E442100E8141C /* Spotify.swift in Sources */ = {isa = PBXBuildFile; fileRef = DC4C54A32A1E442100E8141C /* Spotify.swift */; };
		DC4C54A72A1E461B00E8141C /* KeychainAccess in Frameworks */ = {isa = PBXBuildFile; productRef = DC4C54A62A1E461B00E8141C /* KeychainAccess */; };
		DC4C54AA2A1E514700E8141C /* SearchSongScreen.swift in Sources */ = {isa = PBXBuildFile; fileRef = DC4C54A92A1E514700E8141C /* SearchSongScreen.swift */; };
		DCA07E882A1F77AD00C3BB3B /* TeacherProfileScreen.swift in Sources */ = {isa = PBXBuildFile; fileRef = DCA07E872A1F77AD00C3BB3B /* TeacherProfileScreen.swift */; };
		DCA07E8A2A1F85CB00C3BB3B /* StudentProfileScreen.swift in Sources */ = {isa = PBXBuildFile; fileRef = DCA07E892A1F85CB00C3BB3B /* StudentProfileScreen.swift */; };
		DCC84C7D2A27931A00A9F423 /* Endpoint.swift in Sources */ = {isa = PBXBuildFile; fileRef = DCC84C7C2A27931A00A9F423 /* Endpoint.swift */; };
		DCC84C7F2A27932200A9F423 /* HTTPClient.swift in Sources */ = {isa = PBXBuildFile; fileRef = DCC84C7E2A27932200A9F423 /* HTTPClient.swift */; };
		DCC84C812A27932800A9F423 /* HTTPMethod.swift in Sources */ = {isa = PBXBuildFile; fileRef = DCC84C802A27932800A9F423 /* HTTPMethod.swift */; };
		DCC84C832A27932D00A9F423 /* RequestError.swift in Sources */ = {isa = PBXBuildFile; fileRef = DCC84C822A27932D00A9F423 /* RequestError.swift */; };
		DCC84C852A27933400A9F423 /* InstrumentsEndpoint.swift in Sources */ = {isa = PBXBuildFile; fileRef = DCC84C842A27933400A9F423 /* InstrumentsEndpoint.swift */; };
		DCC84C872A27934700A9F423 /* InstrumentsService.swift in Sources */ = {isa = PBXBuildFile; fileRef = DCC84C862A27934700A9F423 /* InstrumentsService.swift */; };
		DCC84C8A2A2793B200A9F423 /* Instrument.swift in Sources */ = {isa = PBXBuildFile; fileRef = DCC84C892A2793B200A9F423 /* Instrument.swift */; };
		DCC84C8C2A27973B00A9F423 /* Teacher.swift in Sources */ = {isa = PBXBuildFile; fileRef = DCC84C8B2A27973B00A9F423 /* Teacher.swift */; };
		DCC84C8E2A27976D00A9F423 /* User.swift in Sources */ = {isa = PBXBuildFile; fileRef = DCC84C8D2A27976D00A9F423 /* User.swift */; };
		DCC84C902A2797AF00A9F423 /* TeacherEndpoint.swift in Sources */ = {isa = PBXBuildFile; fileRef = DCC84C8F2A2797AF00A9F423 /* TeacherEndpoint.swift */; };
		DCC84C922A2797EE00A9F423 /* TeachersService.swift in Sources */ = {isa = PBXBuildFile; fileRef = DCC84C912A2797EE00A9F423 /* TeachersService.swift */; };
		DCC84C952A27B36700A9F423 /* SignUpScreenViewModel.swift in Sources */ = {isa = PBXBuildFile; fileRef = DCC84C942A27B36700A9F423 /* SignUpScreenViewModel.swift */; };
		DCC84C992A27B3EB00A9F423 /* BasicSignUpInformation.swift in Sources */ = {isa = PBXBuildFile; fileRef = DCC84C982A27B3EB00A9F423 /* BasicSignUpInformation.swift */; };
		DCC84C9B2A27B9D900A9F423 /* CreateStudentProfileScreenViewModel.swift in Sources */ = {isa = PBXBuildFile; fileRef = DCC84C9A2A27B9D900A9F423 /* CreateStudentProfileScreenViewModel.swift */; };
		DCC84C9D2A27BBDA00A9F423 /* StudentEndpoint.swift in Sources */ = {isa = PBXBuildFile; fileRef = DCC84C9C2A27BBDA00A9F423 /* StudentEndpoint.swift */; };
		DCC84C9F2A27BCE700A9F423 /* StudentsService.swift in Sources */ = {isa = PBXBuildFile; fileRef = DCC84C9E2A27BCE700A9F423 /* StudentsService.swift */; };
		DCC84CA12A27BD3700A9F423 /* Student.swift in Sources */ = {isa = PBXBuildFile; fileRef = DCC84CA02A27BD3700A9F423 /* Student.swift */; };
		DCC84CA32A27BD6900A9F423 /* Location.swift in Sources */ = {isa = PBXBuildFile; fileRef = DCC84CA22A27BD6900A9F423 /* Location.swift */; };
		DCC84CA52A28AE1400A9F423 /* CreateTeacherProfileScreenViewModel.swift in Sources */ = {isa = PBXBuildFile; fileRef = DCC84CA42A28AE1400A9F423 /* CreateTeacherProfileScreenViewModel.swift */; };
		DCC84CA72A28C16800A9F423 /* UserEndpoint.swift in Sources */ = {isa = PBXBuildFile; fileRef = DCC84CA62A28C16800A9F423 /* UserEndpoint.swift */; };
		DCC84CA92A28C24400A9F423 /* Login.swift in Sources */ = {isa = PBXBuildFile; fileRef = DCC84CA82A28C24400A9F423 /* Login.swift */; };
		DCC84CAB2A28C29900A9F423 /* UserService.swift in Sources */ = {isa = PBXBuildFile; fileRef = DCC84CAA2A28C29900A9F423 /* UserService.swift */; };
		DCC84CAE2A28C30A00A9F423 /* LoginScreenViewModel.swift in Sources */ = {isa = PBXBuildFile; fileRef = DCC84CAD2A28C30A00A9F423 /* LoginScreenViewModel.swift */; };
		DCC84CB02A28C53900A9F423 /* ReplaceKeyWindow.swift in Sources */ = {isa = PBXBuildFile; fileRef = DCC84CAF2A28C53900A9F423 /* ReplaceKeyWindow.swift */; };
		DCCD07572A1625C4002CB449 /* SoundScoutApp.swift in Sources */ = {isa = PBXBuildFile; fileRef = DCCD07562A1625C4002CB449 /* SoundScoutApp.swift */; };
		DCCD075B2A1625C5002CB449 /* Assets.xcassets in Resources */ = {isa = PBXBuildFile; fileRef = DCCD075A2A1625C5002CB449 /* Assets.xcassets */; };
		DCCD075E2A1625C5002CB449 /* Preview Assets.xcassets in Resources */ = {isa = PBXBuildFile; fileRef = DCCD075D2A1625C5002CB449 /* Preview Assets.xcassets */; };
		DCCD07652A162980002CB449 /* Constants.swift in Sources */ = {isa = PBXBuildFile; fileRef = DCCD07642A162980002CB449 /* Constants.swift */; };
		DCCD07682A162B11002CB449 /* OnboardingSidebar.swift in Sources */ = {isa = PBXBuildFile; fileRef = DCCD07672A162B11002CB449 /* OnboardingSidebar.swift */; };
		DCCD076A2A163245002CB449 /* SSTextField.swift in Sources */ = {isa = PBXBuildFile; fileRef = DCCD07692A163245002CB449 /* SSTextField.swift */; };
		DCCD07702A163508002CB449 /* SignUpScreen.swift in Sources */ = {isa = PBXBuildFile; fileRef = DCCD076F2A163508002CB449 /* SignUpScreen.swift */; };
		DCCD07722A16357E002CB449 /* SSSegmentedControlButton.swift in Sources */ = {isa = PBXBuildFile; fileRef = DCCD07712A16357E002CB449 /* SSSegmentedControlButton.swift */; };
		DCCD07742A16368C002CB449 /* SSPrimaryNavigationButtonText.swift in Sources */ = {isa = PBXBuildFile; fileRef = DCCD07732A16368C002CB449 /* SSPrimaryNavigationButtonText.swift */; };
		DCCD07762A1636CD002CB449 /* SSSecondaryNavigationButtonText.swift in Sources */ = {isa = PBXBuildFile; fileRef = DCCD07752A1636CD002CB449 /* SSSecondaryNavigationButtonText.swift */; };
		DCCD07782A16391E002CB449 /* SSContentBackground.swift in Sources */ = {isa = PBXBuildFile; fileRef = DCCD07772A16391E002CB449 /* SSContentBackground.swift */; };
		DCD409632A1A1871008220F1 /* TeacherSidebar.swift in Sources */ = {isa = PBXBuildFile; fileRef = DCD409622A1A1871008220F1 /* TeacherSidebar.swift */; };
		DCD409652A1A1CAC008220F1 /* MyStudentsScreen.swift in Sources */ = {isa = PBXBuildFile; fileRef = DCD409642A1A1CAC008220F1 /* MyStudentsScreen.swift */; };
		DCD409672A1A2016008220F1 /* MySongsScreen.swift in Sources */ = {isa = PBXBuildFile; fileRef = DCD409662A1A2016008220F1 /* MySongsScreen.swift */; };
		DCD409692A1A30CE008220F1 /* SSCheckbox.swift in Sources */ = {isa = PBXBuildFile; fileRef = DCD409682A1A30CE008220F1 /* SSCheckbox.swift */; };
/* End PBXBuildFile section */

/* Begin PBXFileReference section */
		4E7801462A16401400E3B385 /* LogInScreen.swift */ = {isa = PBXFileReference; lastKnownFileType = sourcecode.swift; path = LogInScreen.swift; sourceTree = "<group>"; };
		4E7801482A165A9400E3B385 /* CreateTeacherProfileScreen.swift */ = {isa = PBXFileReference; lastKnownFileType = sourcecode.swift; name = CreateTeacherProfileScreen.swift; path = SoundScout/Screens/Onboarding/CreateTeacherProfileScreen.swift; sourceTree = SOURCE_ROOT; };
		4E78014A2A16E41B00E3B385 /* MusicTasteScreen.swift */ = {isa = PBXFileReference; lastKnownFileType = sourcecode.swift; name = MusicTasteScreen.swift; path = SoundScout/Screens/Onboarding/MusicTasteScreen.swift; sourceTree = SOURCE_ROOT; };
		4E78014C2A1942E500E3B385 /* CreateStudentProfileScreen.swift */ = {isa = PBXFileReference; lastKnownFileType = sourcecode.swift; name = CreateStudentProfileScreen.swift; path = SoundScout/Screens/Onboarding/CreateStudentProfileScreen.swift; sourceTree = SOURCE_ROOT; };
		4E78014E2A1A1B5100E3B385 /* SelectInstrumentsScreen.swift */ = {isa = PBXFileReference; lastKnownFileType = sourcecode.swift; path = SelectInstrumentsScreen.swift; sourceTree = "<group>"; };
		4EC8DCF72A1A8E9D0065F575 /* FindTeachersScreen.swift */ = {isa = PBXFileReference; lastKnownFileType = sourcecode.swift; name = FindTeachersScreen.swift; path = SoundScout/Screens/Student/FindTeacher/FindTeachersScreen.swift; sourceTree = SOURCE_ROOT; };
		4EC8DCFD2A1E41250065F575 /* StudentSidebar.swift */ = {isa = PBXFileReference; lastKnownFileType = sourcecode.swift; name = StudentSidebar.swift; path = SoundScout/Screens/Student/ContentView/StudentSidebar.swift; sourceTree = SOURCE_ROOT; };
		4EC8DD052A1E45E70065F575 /* FilterScreen.swift */ = {isa = PBXFileReference; lastKnownFileType = sourcecode.swift; name = FilterScreen.swift; path = SoundScout/Screens/Student/FindTeacher/FilterScreen.swift; sourceTree = SOURCE_ROOT; };
		4EC8DD192A1F8CF50065F575 /* SSContentHeader.swift */ = {isa = PBXFileReference; lastKnownFileType = sourcecode.swift; path = SSContentHeader.swift; sourceTree = "<group>"; };
		4EC8DD1B2A1F8D400065F575 /* MyTeachersScreen.swift */ = {isa = PBXFileReference; lastKnownFileType = sourcecode.swift; path = MyTeachersScreen.swift; sourceTree = "<group>"; };
		4EC8DD1D2A1F8DD70065F575 /* StudentHomeScreen.swift */ = {isa = PBXFileReference; lastKnownFileType = sourcecode.swift; path = StudentHomeScreen.swift; sourceTree = "<group>"; };
		4EC8DD1F2A1F8E050065F575 /* ScheduleScreen.swift */ = {isa = PBXFileReference; lastKnownFileType = sourcecode.swift; name = ScheduleScreen.swift; path = SoundScout/Screens/Student/ScheduleScreen.swift; sourceTree = SOURCE_ROOT; };
		4EC8DD212A1F8F850065F575 /* StudentContentView.swift */ = {isa = PBXFileReference; lastKnownFileType = sourcecode.swift; path = StudentContentView.swift; sourceTree = "<group>"; };
		4EC8DD232A1F8FD40065F575 /* StudentMessagesScreen.swift */ = {isa = PBXFileReference; lastKnownFileType = sourcecode.swift; path = StudentMessagesScreen.swift; sourceTree = "<group>"; };
		4EC8DD252A1F903C0065F575 /* TeacherContentView.swift */ = {isa = PBXFileReference; lastKnownFileType = sourcecode.swift; path = TeacherContentView.swift; sourceTree = "<group>"; };
		4EC8DD272A1F90B00065F575 /* TeacherMessagesScreen.swift */ = {isa = PBXFileReference; lastKnownFileType = sourcecode.swift; path = TeacherMessagesScreen.swift; sourceTree = "<group>"; };
		4EC8DD292A1F90DB0065F575 /* TeacherHomeScreen.swift */ = {isa = PBXFileReference; lastKnownFileType = sourcecode.swift; path = TeacherHomeScreen.swift; sourceTree = "<group>"; };
		4EC8DD2B2A1FAD3B0065F575 /* LessonsScreen.swift */ = {isa = PBXFileReference; lastKnownFileType = sourcecode.swift; path = LessonsScreen.swift; sourceTree = "<group>"; };
		4EC8DD2D2A1FB6540065F575 /* StudentLessonDetailScreen.swift */ = {isa = PBXFileReference; lastKnownFileType = sourcecode.swift; path = StudentLessonDetailScreen.swift; sourceTree = "<group>"; };
		4EC8DD2F2A2291C90065F575 /* StudentSongDetailsScreen.swift */ = {isa = PBXFileReference; lastKnownFileType = sourcecode.swift; path = StudentSongDetailsScreen.swift; sourceTree = "<group>"; };
		4EC8DD312A2375CF0065F575 /* StudentExercisesScreen.swift */ = {isa = PBXFileReference; lastKnownFileType = sourcecode.swift; path = StudentExercisesScreen.swift; sourceTree = "<group>"; };
		4EC8DD372A24EDBC0065F575 /* TeacherLessonDetailsScreen.swift */ = {isa = PBXFileReference; lastKnownFileType = sourcecode.swift; path = TeacherLessonDetailsScreen.swift; sourceTree = "<group>"; };
		4EC8DD392A24EF2E0065F575 /* TeacherSongDeatilsScreen.swift */ = {isa = PBXFileReference; lastKnownFileType = sourcecode.swift; path = TeacherSongDeatilsScreen.swift; sourceTree = "<group>"; };
		4EC8DD3B2A24F11C0065F575 /* TeacherRecordExerciseScreen.swift */ = {isa = PBXFileReference; lastKnownFileType = sourcecode.swift; path = TeacherRecordExerciseScreen.swift; sourceTree = "<group>"; };
		DC43EA0E2A1BCBCA00C08056 /* AddSongScreen.swift */ = {isa = PBXFileReference; lastKnownFileType = sourcecode.swift; path = AddSongScreen.swift; sourceTree = "<group>"; };
		DC43EA102A1BCD7000C08056 /* SongDetailScreen.swift */ = {isa = PBXFileReference; lastKnownFileType = sourcecode.swift; path = SongDetailScreen.swift; sourceTree = "<group>"; };
		DC4C54A32A1E442100E8141C /* Spotify.swift */ = {isa = PBXFileReference; lastKnownFileType = sourcecode.swift; path = Spotify.swift; sourceTree = "<group>"; };
		DC4C54A82A1E477200E8141C /* Info.plist */ = {isa = PBXFileReference; lastKnownFileType = text.plist; path = Info.plist; sourceTree = "<group>"; };
		DC4C54A92A1E514700E8141C /* SearchSongScreen.swift */ = {isa = PBXFileReference; lastKnownFileType = sourcecode.swift; path = SearchSongScreen.swift; sourceTree = "<group>"; };
		DCA07E872A1F77AD00C3BB3B /* TeacherProfileScreen.swift */ = {isa = PBXFileReference; lastKnownFileType = sourcecode.swift; path = TeacherProfileScreen.swift; sourceTree = "<group>"; };
		DCA07E892A1F85CB00C3BB3B /* StudentProfileScreen.swift */ = {isa = PBXFileReference; lastKnownFileType = sourcecode.swift; path = StudentProfileScreen.swift; sourceTree = "<group>"; };
		DCC84C7C2A27931A00A9F423 /* Endpoint.swift */ = {isa = PBXFileReference; lastKnownFileType = sourcecode.swift; path = Endpoint.swift; sourceTree = "<group>"; };
		DCC84C7E2A27932200A9F423 /* HTTPClient.swift */ = {isa = PBXFileReference; lastKnownFileType = sourcecode.swift; path = HTTPClient.swift; sourceTree = "<group>"; };
		DCC84C802A27932800A9F423 /* HTTPMethod.swift */ = {isa = PBXFileReference; lastKnownFileType = sourcecode.swift; path = HTTPMethod.swift; sourceTree = "<group>"; };
		DCC84C822A27932D00A9F423 /* RequestError.swift */ = {isa = PBXFileReference; lastKnownFileType = sourcecode.swift; path = RequestError.swift; sourceTree = "<group>"; };
		DCC84C842A27933400A9F423 /* InstrumentsEndpoint.swift */ = {isa = PBXFileReference; lastKnownFileType = sourcecode.swift; path = InstrumentsEndpoint.swift; sourceTree = "<group>"; };
		DCC84C862A27934700A9F423 /* InstrumentsService.swift */ = {isa = PBXFileReference; lastKnownFileType = sourcecode.swift; path = InstrumentsService.swift; sourceTree = "<group>"; };
		DCC84C892A2793B200A9F423 /* Instrument.swift */ = {isa = PBXFileReference; lastKnownFileType = sourcecode.swift; path = Instrument.swift; sourceTree = "<group>"; };
		DCC84C8B2A27973B00A9F423 /* Teacher.swift */ = {isa = PBXFileReference; lastKnownFileType = sourcecode.swift; path = Teacher.swift; sourceTree = "<group>"; };
		DCC84C8D2A27976D00A9F423 /* User.swift */ = {isa = PBXFileReference; lastKnownFileType = sourcecode.swift; path = User.swift; sourceTree = "<group>"; };
		DCC84C8F2A2797AF00A9F423 /* TeacherEndpoint.swift */ = {isa = PBXFileReference; lastKnownFileType = sourcecode.swift; path = TeacherEndpoint.swift; sourceTree = "<group>"; };
		DCC84C912A2797EE00A9F423 /* TeachersService.swift */ = {isa = PBXFileReference; lastKnownFileType = sourcecode.swift; path = TeachersService.swift; sourceTree = "<group>"; };
		DCC84C942A27B36700A9F423 /* SignUpScreenViewModel.swift */ = {isa = PBXFileReference; lastKnownFileType = sourcecode.swift; path = SignUpScreenViewModel.swift; sourceTree = "<group>"; };
		DCC84C982A27B3EB00A9F423 /* BasicSignUpInformation.swift */ = {isa = PBXFileReference; lastKnownFileType = sourcecode.swift; path = BasicSignUpInformation.swift; sourceTree = "<group>"; };
		DCC84C9A2A27B9D900A9F423 /* CreateStudentProfileScreenViewModel.swift */ = {isa = PBXFileReference; lastKnownFileType = sourcecode.swift; path = CreateStudentProfileScreenViewModel.swift; sourceTree = "<group>"; };
		DCC84C9C2A27BBDA00A9F423 /* StudentEndpoint.swift */ = {isa = PBXFileReference; lastKnownFileType = sourcecode.swift; path = StudentEndpoint.swift; sourceTree = "<group>"; };
		DCC84C9E2A27BCE700A9F423 /* StudentsService.swift */ = {isa = PBXFileReference; lastKnownFileType = sourcecode.swift; path = StudentsService.swift; sourceTree = "<group>"; };
		DCC84CA02A27BD3700A9F423 /* Student.swift */ = {isa = PBXFileReference; lastKnownFileType = sourcecode.swift; path = Student.swift; sourceTree = "<group>"; };
		DCC84CA22A27BD6900A9F423 /* Location.swift */ = {isa = PBXFileReference; lastKnownFileType = sourcecode.swift; path = Location.swift; sourceTree = "<group>"; };
		DCC84CA42A28AE1400A9F423 /* CreateTeacherProfileScreenViewModel.swift */ = {isa = PBXFileReference; lastKnownFileType = sourcecode.swift; path = CreateTeacherProfileScreenViewModel.swift; sourceTree = "<group>"; };
		DCC84CA62A28C16800A9F423 /* UserEndpoint.swift */ = {isa = PBXFileReference; lastKnownFileType = sourcecode.swift; path = UserEndpoint.swift; sourceTree = "<group>"; };
		DCC84CA82A28C24400A9F423 /* Login.swift */ = {isa = PBXFileReference; lastKnownFileType = sourcecode.swift; path = Login.swift; sourceTree = "<group>"; };
		DCC84CAA2A28C29900A9F423 /* UserService.swift */ = {isa = PBXFileReference; lastKnownFileType = sourcecode.swift; path = UserService.swift; sourceTree = "<group>"; };
		DCC84CAD2A28C30A00A9F423 /* LoginScreenViewModel.swift */ = {isa = PBXFileReference; lastKnownFileType = sourcecode.swift; path = LoginScreenViewModel.swift; sourceTree = "<group>"; };
		DCC84CAF2A28C53900A9F423 /* ReplaceKeyWindow.swift */ = {isa = PBXFileReference; lastKnownFileType = sourcecode.swift; path = ReplaceKeyWindow.swift; sourceTree = "<group>"; };
		DCCD07532A1625C4002CB449 /* SoundScout.app */ = {isa = PBXFileReference; explicitFileType = wrapper.application; includeInIndex = 0; path = SoundScout.app; sourceTree = BUILT_PRODUCTS_DIR; };
		DCCD07562A1625C4002CB449 /* SoundScoutApp.swift */ = {isa = PBXFileReference; lastKnownFileType = sourcecode.swift; path = SoundScoutApp.swift; sourceTree = "<group>"; };
		DCCD075A2A1625C5002CB449 /* Assets.xcassets */ = {isa = PBXFileReference; lastKnownFileType = folder.assetcatalog; path = Assets.xcassets; sourceTree = "<group>"; };
		DCCD075D2A1625C5002CB449 /* Preview Assets.xcassets */ = {isa = PBXFileReference; lastKnownFileType = folder.assetcatalog; path = "Preview Assets.xcassets"; sourceTree = "<group>"; };
		DCCD07642A162980002CB449 /* Constants.swift */ = {isa = PBXFileReference; lastKnownFileType = sourcecode.swift; path = Constants.swift; sourceTree = "<group>"; };
		DCCD07672A162B11002CB449 /* OnboardingSidebar.swift */ = {isa = PBXFileReference; lastKnownFileType = sourcecode.swift; path = OnboardingSidebar.swift; sourceTree = "<group>"; };
		DCCD07692A163245002CB449 /* SSTextField.swift */ = {isa = PBXFileReference; lastKnownFileType = sourcecode.swift; path = SSTextField.swift; sourceTree = "<group>"; };
		DCCD076F2A163508002CB449 /* SignUpScreen.swift */ = {isa = PBXFileReference; lastKnownFileType = sourcecode.swift; path = SignUpScreen.swift; sourceTree = "<group>"; };
		DCCD07712A16357E002CB449 /* SSSegmentedControlButton.swift */ = {isa = PBXFileReference; lastKnownFileType = sourcecode.swift; path = SSSegmentedControlButton.swift; sourceTree = "<group>"; };
		DCCD07732A16368C002CB449 /* SSPrimaryNavigationButtonText.swift */ = {isa = PBXFileReference; lastKnownFileType = sourcecode.swift; path = SSPrimaryNavigationButtonText.swift; sourceTree = "<group>"; };
		DCCD07752A1636CD002CB449 /* SSSecondaryNavigationButtonText.swift */ = {isa = PBXFileReference; lastKnownFileType = sourcecode.swift; path = SSSecondaryNavigationButtonText.swift; sourceTree = "<group>"; };
		DCCD07772A16391E002CB449 /* SSContentBackground.swift */ = {isa = PBXFileReference; lastKnownFileType = sourcecode.swift; path = SSContentBackground.swift; sourceTree = "<group>"; };
		DCD409622A1A1871008220F1 /* TeacherSidebar.swift */ = {isa = PBXFileReference; lastKnownFileType = sourcecode.swift; path = TeacherSidebar.swift; sourceTree = "<group>"; };
		DCD409642A1A1CAC008220F1 /* MyStudentsScreen.swift */ = {isa = PBXFileReference; lastKnownFileType = sourcecode.swift; path = MyStudentsScreen.swift; sourceTree = "<group>"; };
		DCD409662A1A2016008220F1 /* MySongsScreen.swift */ = {isa = PBXFileReference; lastKnownFileType = sourcecode.swift; path = MySongsScreen.swift; sourceTree = "<group>"; };
		DCD409682A1A30CE008220F1 /* SSCheckbox.swift */ = {isa = PBXFileReference; lastKnownFileType = sourcecode.swift; path = SSCheckbox.swift; sourceTree = "<group>"; };
/* End PBXFileReference section */

/* Begin PBXFrameworksBuildPhase section */
		DCCD07502A1625C4002CB449 /* Frameworks */ = {
			isa = PBXFrameworksBuildPhase;
			buildActionMask = 2147483647;
			files = (
				DC4C54A72A1E461B00E8141C /* KeychainAccess in Frameworks */,
				DC4C54A12A1E436900E8141C /* SpotifyAPI in Frameworks */,
			);
			runOnlyForDeploymentPostprocessing = 0;
		};
/* End PBXFrameworksBuildPhase section */

/* Begin PBXGroup section */
		DC104C612A2DFE900056FC2A /* StudentContentView */ = {
			isa = PBXGroup;
			children = (
				4EC8DD212A1F8F850065F575 /* StudentContentView.swift */,
				4EC8DCFD2A1E41250065F575 /* StudentSidebar.swift */,
			);
			path = StudentContentView;
			sourceTree = "<group>";
		};
		DC104C622A2DFE9D0056FC2A /* FindTeacherScreen */ = {
			isa = PBXGroup;
			children = (
				4EC8DCF72A1A8E9D0065F575 /* FindTeachersScreen.swift */,
				4EC8DD052A1E45E70065F575 /* FilterScreen.swift */,
			);
			path = FindTeacherScreen;
			sourceTree = "<group>";
		};
		DC104C632A2DFEB70056FC2A /* MyTeachersScreen */ = {
			isa = PBXGroup;
			children = (
				4EC8DD1B2A1F8D400065F575 /* MyTeachersScreen.swift */,
			);
			path = MyTeachersScreen;
			sourceTree = "<group>";
		};
		DC104C642A2DFF210056FC2A /* StudentProfileScreen */ = {
			isa = PBXGroup;
			children = (
				DCA07E892A1F85CB00C3BB3B /* StudentProfileScreen.swift */,
			);
			path = StudentProfileScreen;
			sourceTree = "<group>";
		};
		DC104C652A2DFF320056FC2A /* NotUsed */ = {
			isa = PBXGroup;
			children = (
				4EC8DD1D2A1F8DD70065F575 /* StudentHomeScreen.swift */,
				4EC8DD232A1F8FD40065F575 /* StudentMessagesScreen.swift */,
			);
			path = NotUsed;
			sourceTree = "<group>";
		};
		DC4C54A22A1E441400E8141C /* Utils */ = {
			isa = PBXGroup;
			children = (
				DC4C54A32A1E442100E8141C /* Spotify.swift */,
				DCC84CAF2A28C53900A9F423 /* ReplaceKeyWindow.swift */,
			);
			path = Utils;
			sourceTree = "<group>";
		};
		DCC84C782A2792CB00A9F423 /* Network */ = {
			isa = PBXGroup;
			children = (
				DCC84C792A2792D000A9F423 /* Base */,
				DCC84C7A2A2792D300A9F423 /* Endpoints */,
				DCC84C7B2A2792D700A9F423 /* Services */,
			);
			path = Network;
			sourceTree = "<group>";
		};
		DCC84C792A2792D000A9F423 /* Base */ = {
			isa = PBXGroup;
			children = (
				DCC84C7C2A27931A00A9F423 /* Endpoint.swift */,
				DCC84C7E2A27932200A9F423 /* HTTPClient.swift */,
				DCC84C802A27932800A9F423 /* HTTPMethod.swift */,
				DCC84C822A27932D00A9F423 /* RequestError.swift */,
			);
			path = Base;
			sourceTree = "<group>";
		};
		DCC84C7A2A2792D300A9F423 /* Endpoints */ = {
			isa = PBXGroup;
			children = (
				DCC84C842A27933400A9F423 /* InstrumentsEndpoint.swift */,
				DCC84C8F2A2797AF00A9F423 /* TeacherEndpoint.swift */,
				DCC84C9C2A27BBDA00A9F423 /* StudentEndpoint.swift */,
				DCC84CA62A28C16800A9F423 /* UserEndpoint.swift */,
			);
			path = Endpoints;
			sourceTree = "<group>";
		};
		DCC84C7B2A2792D700A9F423 /* Services */ = {
			isa = PBXGroup;
			children = (
				DCC84C862A27934700A9F423 /* InstrumentsService.swift */,
				DCC84C912A2797EE00A9F423 /* TeachersService.swift */,
				DCC84C9E2A27BCE700A9F423 /* StudentsService.swift */,
				DCC84CAA2A28C29900A9F423 /* UserService.swift */,
			);
			path = Services;
			sourceTree = "<group>";
		};
		DCC84C882A2793A600A9F423 /* Models */ = {
			isa = PBXGroup;
			children = (
				DCC84C962A27B3D600A9F423 /* Onboarding */,
				DCC84C892A2793B200A9F423 /* Instrument.swift */,
				DCC84C8B2A27973B00A9F423 /* Teacher.swift */,
				DCC84CA02A27BD3700A9F423 /* Student.swift */,
				DCC84CA22A27BD6900A9F423 /* Location.swift */,
				DCC84C8D2A27976D00A9F423 /* User.swift */,
			);
			path = Models;
			sourceTree = "<group>";
		};
		DCC84C932A27B35600A9F423 /* SignUpScreen */ = {
			isa = PBXGroup;
			children = (
				DCCD076F2A163508002CB449 /* SignUpScreen.swift */,
				DCC84C942A27B36700A9F423 /* SignUpScreenViewModel.swift */,
			);
			path = SignUpScreen;
			sourceTree = "<group>";
		};
		DCC84C962A27B3D600A9F423 /* Onboarding */ = {
			isa = PBXGroup;
			children = (
				DCC84C972A27B3E000A9F423 /* SignUp */,
			);
			path = Onboarding;
			sourceTree = "<group>";
		};
		DCC84C972A27B3E000A9F423 /* SignUp */ = {
			isa = PBXGroup;
			children = (
				DCC84C982A27B3EB00A9F423 /* BasicSignUpInformation.swift */,
				DCC84CA82A28C24400A9F423 /* Login.swift */,
			);
			path = SignUp;
			sourceTree = "<group>";
		};
		DCC84CAC2A28C2F900A9F423 /* LoginScreen */ = {
			isa = PBXGroup;
			children = (
				4E7801462A16401400E3B385 /* LogInScreen.swift */,
				DCC84CAD2A28C30A00A9F423 /* LoginScreenViewModel.swift */,
			);
			path = LoginScreen;
			sourceTree = "<group>";
		};
		DCCD074A2A1625C4002CB449 = {
			isa = PBXGroup;
			children = (
				DCCD07552A1625C4002CB449 /* SoundScout */,
				DCCD07542A1625C4002CB449 /* Products */,
			);
			sourceTree = "<group>";
		};
		DCCD07542A1625C4002CB449 /* Products */ = {
			isa = PBXGroup;
			children = (
				DCCD07532A1625C4002CB449 /* SoundScout.app */,
			);
			name = Products;
			sourceTree = "<group>";
		};
		DCCD07552A1625C4002CB449 /* SoundScout */ = {
			isa = PBXGroup;
			children = (
				DC4C54A82A1E477200E8141C /* Info.plist */,
				DCCD07562A1625C4002CB449 /* SoundScoutApp.swift */,
				DCC84C782A2792CB00A9F423 /* Network */,
				DCC84C882A2793A600A9F423 /* Models */,
				DCCD07662A162AEE002CB449 /* Components */,
				DCCD076B2A1634EB002CB449 /* Screens */,
				DC4C54A22A1E441400E8141C /* Utils */,
				DCCD07642A162980002CB449 /* Constants.swift */,
				DCCD075A2A1625C5002CB449 /* Assets.xcassets */,
				DCCD075C2A1625C5002CB449 /* Preview Content */,
			);
			path = SoundScout;
			sourceTree = "<group>";
		};
		DCCD075C2A1625C5002CB449 /* Preview Content */ = {
			isa = PBXGroup;
			children = (
				DCCD075D2A1625C5002CB449 /* Preview Assets.xcassets */,
			);
			path = "Preview Content";
			sourceTree = "<group>";
		};
		DCCD07662A162AEE002CB449 /* Components */ = {
			isa = PBXGroup;
			children = (
				DCCD07672A162B11002CB449 /* OnboardingSidebar.swift */,
				DCCD07692A163245002CB449 /* SSTextField.swift */,
				DCCD07712A16357E002CB449 /* SSSegmentedControlButton.swift */,
				DCCD07732A16368C002CB449 /* SSPrimaryNavigationButtonText.swift */,
				DCCD07752A1636CD002CB449 /* SSSecondaryNavigationButtonText.swift */,
				DCCD07772A16391E002CB449 /* SSContentBackground.swift */,
				DCD409682A1A30CE008220F1 /* SSCheckbox.swift */,
				4EC8DD192A1F8CF50065F575 /* SSContentHeader.swift */,
			);
			path = Components;
			sourceTree = "<group>";
		};
		DCCD076B2A1634EB002CB449 /* Screens */ = {
			isa = PBXGroup;
			children = (
				DCD4095F2A1A169C008220F1 /* Common */,
				DCD4095E2A1A1694008220F1 /* Student */,
				DCD4095D2A1A168C008220F1 /* Teacher */,
				DCCD076C2A1634F3002CB449 /* Onboarding */,
				4E78014E2A1A1B5100E3B385 /* SelectInstrumentsScreen.swift */,
			);
			path = Screens;
			sourceTree = "<group>";
		};
		DCCD076C2A1634F3002CB449 /* Onboarding */ = {
			isa = PBXGroup;
			children = (
				DCC84C932A27B35600A9F423 /* SignUpScreen */,
				DCCD076E2A1634FC002CB449 /* CreateStudentProfileScreen */,
				DCCD076D2A1634F7002CB449 /* CreateTeacherProfileScreen */,
				4E78014A2A16E41B00E3B385 /* MusicTasteScreen.swift */,
				DCC84CAC2A28C2F900A9F423 /* LoginScreen */,
			);
			path = Onboarding;
			sourceTree = "<group>";
		};
		DCCD076D2A1634F7002CB449 /* CreateTeacherProfileScreen */ = {
			isa = PBXGroup;
			children = (
				4E7801482A165A9400E3B385 /* CreateTeacherProfileScreen.swift */,
				DCC84CA42A28AE1400A9F423 /* CreateTeacherProfileScreenViewModel.swift */,
			);
			path = CreateTeacherProfileScreen;
			sourceTree = "<group>";
		};
		DCCD076E2A1634FC002CB449 /* CreateStudentProfileScreen */ = {
			isa = PBXGroup;
			children = (
				4E78014C2A1942E500E3B385 /* CreateStudentProfileScreen.swift */,
				DCC84C9A2A27B9D900A9F423 /* CreateStudentProfileScreenViewModel.swift */,
			);
			path = CreateStudentProfileScreen;
			sourceTree = "<group>";
		};
		DCD4095D2A1A168C008220F1 /* Teacher */ = {
			isa = PBXGroup;
			children = (
				DCD409622A1A1871008220F1 /* TeacherSidebar.swift */,
				DCD409642A1A1CAC008220F1 /* MyStudentsScreen.swift */,
				DCD409662A1A2016008220F1 /* MySongsScreen.swift */,
				DC43EA0E2A1BCBCA00C08056 /* AddSongScreen.swift */,
				DC4C54A92A1E514700E8141C /* SearchSongScreen.swift */,
				DC43EA102A1BCD7000C08056 /* SongDetailScreen.swift */,
				DCA07E872A1F77AD00C3BB3B /* TeacherProfileScreen.swift */,
				4EC8DD252A1F903C0065F575 /* TeacherContentView.swift */,
				4EC8DD272A1F90B00065F575 /* TeacherMessagesScreen.swift */,
				4EC8DD292A1F90DB0065F575 /* TeacherHomeScreen.swift */,
				4EC8DD372A24EDBC0065F575 /* TeacherLessonDetailsScreen.swift */,
				4EC8DD392A24EF2E0065F575 /* TeacherSongDeatilsScreen.swift */,
				4EC8DD3B2A24F11C0065F575 /* TeacherRecordExerciseScreen.swift */,
			);
			path = Teacher;
			sourceTree = "<group>";
		};
		DCD4095E2A1A1694008220F1 /* Student */ = {
			isa = PBXGroup;
			children = (
				DC104C612A2DFE900056FC2A /* StudentContentView */,
				DC104C622A2DFE9D0056FC2A /* FindTeacherScreen */,
				DC104C632A2DFEB70056FC2A /* MyTeachersScreen */,
				DC104C642A2DFF210056FC2A /* StudentProfileScreen */,
				4EC8DD2D2A1FB6540065F575 /* StudentLessonDetailScreen.swift */,
				4EC8DD2F2A2291C90065F575 /* StudentSongDetailsScreen.swift */,
				4EC8DD312A2375CF0065F575 /* StudentExercisesScreen.swift */,
				DC104C652A2DFF320056FC2A /* NotUsed */,
			);
			path = Student;
			sourceTree = "<group>";
		};
		DCD4095F2A1A169C008220F1 /* Common */ = {
			isa = PBXGroup;
			children = (
				4EC8DD1F2A1F8E050065F575 /* ScheduleScreen.swift */,
				4EC8DD2B2A1FAD3B0065F575 /* LessonsScreen.swift */,
			);
			path = Common;
			sourceTree = "<group>";
		};
/* End PBXGroup section */

/* Begin PBXNativeTarget section */
		DCCD07522A1625C4002CB449 /* SoundScout */ = {
			isa = PBXNativeTarget;
			buildConfigurationList = DCCD07612A1625C5002CB449 /* Build configuration list for PBXNativeTarget "SoundScout" */;
			buildPhases = (
				DCCD074F2A1625C4002CB449 /* Sources */,
				DCCD07502A1625C4002CB449 /* Frameworks */,
				DCCD07512A1625C4002CB449 /* Resources */,
			);
			buildRules = (
			);
			dependencies = (
			);
			name = SoundScout;
			packageProductDependencies = (
				DC4C54A02A1E436900E8141C /* SpotifyAPI */,
				DC4C54A62A1E461B00E8141C /* KeychainAccess */,
			);
			productName = SoundScout;
			productReference = DCCD07532A1625C4002CB449 /* SoundScout.app */;
			productType = "com.apple.product-type.application";
		};
/* End PBXNativeTarget section */

/* Begin PBXProject section */
		DCCD074B2A1625C4002CB449 /* Project object */ = {
			isa = PBXProject;
			attributes = {
				BuildIndependentTargetsInParallel = 1;
				LastSwiftUpdateCheck = 1420;
				LastUpgradeCheck = 1420;
				TargetAttributes = {
					DCCD07522A1625C4002CB449 = {
						CreatedOnToolsVersion = 14.2;
					};
				};
			};
			buildConfigurationList = DCCD074E2A1625C4002CB449 /* Build configuration list for PBXProject "SoundScout" */;
			compatibilityVersion = "Xcode 14.0";
			developmentRegion = en;
			hasScannedForEncodings = 0;
			knownRegions = (
				en,
				Base,
			);
			mainGroup = DCCD074A2A1625C4002CB449;
			packageReferences = (
				DC4C549F2A1E436900E8141C /* XCRemoteSwiftPackageReference "SpotifyAPI" */,
				DC4C54A52A1E461B00E8141C /* XCRemoteSwiftPackageReference "KeychainAccess" */,
			);
			productRefGroup = DCCD07542A1625C4002CB449 /* Products */;
			projectDirPath = "";
			projectRoot = "";
			targets = (
				DCCD07522A1625C4002CB449 /* SoundScout */,
			);
		};
/* End PBXProject section */

/* Begin PBXResourcesBuildPhase section */
		DCCD07512A1625C4002CB449 /* Resources */ = {
			isa = PBXResourcesBuildPhase;
			buildActionMask = 2147483647;
			files = (
				DCCD075E2A1625C5002CB449 /* Preview Assets.xcassets in Resources */,
				DCCD075B2A1625C5002CB449 /* Assets.xcassets in Resources */,
			);
			runOnlyForDeploymentPostprocessing = 0;
		};
/* End PBXResourcesBuildPhase section */

/* Begin PBXSourcesBuildPhase section */
		DCCD074F2A1625C4002CB449 /* Sources */ = {
			isa = PBXSourcesBuildPhase;
			buildActionMask = 2147483647;
			files = (
				DCD409692A1A30CE008220F1 /* SSCheckbox.swift in Sources */,
				DCC84C902A2797AF00A9F423 /* TeacherEndpoint.swift in Sources */,
				DCC84CAE2A28C30A00A9F423 /* LoginScreenViewModel.swift in Sources */,
				DCC84C922A2797EE00A9F423 /* TeachersService.swift in Sources */,
				4EC8DD2E2A1FB6540065F575 /* StudentLessonDetailScreen.swift in Sources */,
				4EC8DD222A1F8F850065F575 /* StudentContentView.swift in Sources */,
				DCC84C8C2A27973B00A9F423 /* Teacher.swift in Sources */,
				DCC84CAB2A28C29900A9F423 /* UserService.swift in Sources */,
				DCCD07572A1625C4002CB449 /* SoundScoutApp.swift in Sources */,
				DCC84CA12A27BD3700A9F423 /* Student.swift in Sources */,
				DCC84C812A27932800A9F423 /* HTTPMethod.swift in Sources */,
				DCCD07762A1636CD002CB449 /* SSSecondaryNavigationButtonText.swift in Sources */,
				DCC84C8A2A2793B200A9F423 /* Instrument.swift in Sources */,
				4EC8DD2C2A1FAD3B0065F575 /* LessonsScreen.swift in Sources */,
				4E78014F2A1A1B5100E3B385 /* SelectInstrumentsScreen.swift in Sources */,
				4EC8DD062A1E45E70065F575 /* FilterScreen.swift in Sources */,
				4EC8DD1C2A1F8D400065F575 /* MyTeachersScreen.swift in Sources */,
				DCCD076A2A163245002CB449 /* SSTextField.swift in Sources */,
				DC4C54A42A1E442100E8141C /* Spotify.swift in Sources */,
				4EC8DD382A24EDBC0065F575 /* TeacherLessonDetailsScreen.swift in Sources */,
				DCC84C9D2A27BBDA00A9F423 /* StudentEndpoint.swift in Sources */,
				DCD409652A1A1CAC008220F1 /* MyStudentsScreen.swift in Sources */,
				4E78014B2A16E41B00E3B385 /* MusicTasteScreen.swift in Sources */,
				4EC8DCFE2A1E41250065F575 /* StudentSidebar.swift in Sources */,
				4EC8DD262A1F903C0065F575 /* TeacherContentView.swift in Sources */,
				DCA07E8A2A1F85CB00C3BB3B /* StudentProfileScreen.swift in Sources */,
				DCD409672A1A2016008220F1 /* MySongsScreen.swift in Sources */,
				DCC84C952A27B36700A9F423 /* SignUpScreenViewModel.swift in Sources */,
				DCC84C7D2A27931A00A9F423 /* Endpoint.swift in Sources */,
				DCC84CA32A27BD6900A9F423 /* Location.swift in Sources */,
				DCC84CA52A28AE1400A9F423 /* CreateTeacherProfileScreenViewModel.swift in Sources */,
				DCC84C7F2A27932200A9F423 /* HTTPClient.swift in Sources */,
				DC43EA112A1BCD7000C08056 /* SongDetailScreen.swift in Sources */,
				DCC84CA92A28C24400A9F423 /* Login.swift in Sources */,
				DCD409632A1A1871008220F1 /* TeacherSidebar.swift in Sources */,
				DCA07E882A1F77AD00C3BB3B /* TeacherProfileScreen.swift in Sources */,
				4EC8DD202A1F8E050065F575 /* ScheduleScreen.swift in Sources */,
				DCCD07742A16368C002CB449 /* SSPrimaryNavigationButtonText.swift in Sources */,
				DCCD07782A16391E002CB449 /* SSContentBackground.swift in Sources */,
				DCC84C8E2A27976D00A9F423 /* User.swift in Sources */,
				4EC8DD3C2A24F11C0065F575 /* TeacherRecordExerciseScreen.swift in Sources */,
				4EC8DD282A1F90B00065F575 /* TeacherMessagesScreen.swift in Sources */,
				DCCD07652A162980002CB449 /* Constants.swift in Sources */,
				4E7801492A165A9400E3B385 /* CreateTeacherProfileScreen.swift in Sources */,
				DCC84C9B2A27B9D900A9F423 /* CreateStudentProfileScreenViewModel.swift in Sources */,
				DCC84C832A27932D00A9F423 /* RequestError.swift in Sources */,
				4E78014D2A1942E500E3B385 /* CreateStudentProfileScreen.swift in Sources */,
				4EC8DD242A1F8FD40065F575 /* StudentMessagesScreen.swift in Sources */,
				DCCD07682A162B11002CB449 /* OnboardingSidebar.swift in Sources */,
				DC4C54AA2A1E514700E8141C /* SearchSongScreen.swift in Sources */,
				4E7801472A16401400E3B385 /* LogInScreen.swift in Sources */,
				DCCD07702A163508002CB449 /* SignUpScreen.swift in Sources */,
				4EC8DD322A2375CF0065F575 /* StudentExercisesScreen.swift in Sources */,
				4EC8DCF82A1A8E9D0065F575 /* FindTeachersScreen.swift in Sources */,
				4EC8DD3A2A24EF2E0065F575 /* TeacherSongDeatilsScreen.swift in Sources */,
				DCC84C852A27933400A9F423 /* InstrumentsEndpoint.swift in Sources */,
				DCC84C992A27B3EB00A9F423 /* BasicSignUpInformation.swift in Sources */,
				4EC8DD2A2A1F90DB0065F575 /* TeacherHomeScreen.swift in Sources */,
				4EC8DD1E2A1F8DD70065F575 /* StudentHomeScreen.swift in Sources */,
				DC43EA0F2A1BCBCA00C08056 /* AddSongScreen.swift in Sources */,
				DCC84CA72A28C16800A9F423 /* UserEndpoint.swift in Sources */,
				DCC84C872A27934700A9F423 /* InstrumentsService.swift in Sources */,
				4EC8DD302A2291C90065F575 /* StudentSongDetailsScreen.swift in Sources */,
				DCC84CB02A28C53900A9F423 /* ReplaceKeyWindow.swift in Sources */,
				4EC8DD1A2A1F8CF50065F575 /* SSContentHeader.swift in Sources */,
				DCCD07722A16357E002CB449 /* SSSegmentedControlButton.swift in Sources */,
				DCC84C9F2A27BCE700A9F423 /* StudentsService.swift in Sources */,
			);
			runOnlyForDeploymentPostprocessing = 0;
		};
/* End PBXSourcesBuildPhase section */

/* Begin XCBuildConfiguration section */
		DCCD075F2A1625C5002CB449 /* Debug */ = {
			isa = XCBuildConfiguration;
			buildSettings = {
				ALWAYS_SEARCH_USER_PATHS = NO;
				CLANG_ANALYZER_NONNULL = YES;
				CLANG_ANALYZER_NUMBER_OBJECT_CONVERSION = YES_AGGRESSIVE;
				CLANG_CXX_LANGUAGE_STANDARD = "gnu++20";
				CLANG_ENABLE_MODULES = YES;
				CLANG_ENABLE_OBJC_ARC = YES;
				CLANG_ENABLE_OBJC_WEAK = YES;
				CLANG_WARN_BLOCK_CAPTURE_AUTORELEASING = YES;
				CLANG_WARN_BOOL_CONVERSION = YES;
				CLANG_WARN_COMMA = YES;
				CLANG_WARN_CONSTANT_CONVERSION = YES;
				CLANG_WARN_DEPRECATED_OBJC_IMPLEMENTATIONS = YES;
				CLANG_WARN_DIRECT_OBJC_ISA_USAGE = YES_ERROR;
				CLANG_WARN_DOCUMENTATION_COMMENTS = YES;
				CLANG_WARN_EMPTY_BODY = YES;
				CLANG_WARN_ENUM_CONVERSION = YES;
				CLANG_WARN_INFINITE_RECURSION = YES;
				CLANG_WARN_INT_CONVERSION = YES;
				CLANG_WARN_NON_LITERAL_NULL_CONVERSION = YES;
				CLANG_WARN_OBJC_IMPLICIT_RETAIN_SELF = YES;
				CLANG_WARN_OBJC_LITERAL_CONVERSION = YES;
				CLANG_WARN_OBJC_ROOT_CLASS = YES_ERROR;
				CLANG_WARN_QUOTED_INCLUDE_IN_FRAMEWORK_HEADER = YES;
				CLANG_WARN_RANGE_LOOP_ANALYSIS = YES;
				CLANG_WARN_STRICT_PROTOTYPES = YES;
				CLANG_WARN_SUSPICIOUS_MOVE = YES;
				CLANG_WARN_UNGUARDED_AVAILABILITY = YES_AGGRESSIVE;
				CLANG_WARN_UNREACHABLE_CODE = YES;
				CLANG_WARN__DUPLICATE_METHOD_MATCH = YES;
				COPY_PHASE_STRIP = NO;
				DEBUG_INFORMATION_FORMAT = dwarf;
				ENABLE_STRICT_OBJC_MSGSEND = YES;
				ENABLE_TESTABILITY = YES;
				GCC_C_LANGUAGE_STANDARD = gnu11;
				GCC_DYNAMIC_NO_PIC = NO;
				GCC_NO_COMMON_BLOCKS = YES;
				GCC_OPTIMIZATION_LEVEL = 0;
				GCC_PREPROCESSOR_DEFINITIONS = (
					"DEBUG=1",
					"$(inherited)",
				);
				GCC_WARN_64_TO_32_BIT_CONVERSION = YES;
				GCC_WARN_ABOUT_RETURN_TYPE = YES_ERROR;
				GCC_WARN_UNDECLARED_SELECTOR = YES;
				GCC_WARN_UNINITIALIZED_AUTOS = YES_AGGRESSIVE;
				GCC_WARN_UNUSED_FUNCTION = YES;
				GCC_WARN_UNUSED_VARIABLE = YES;
				IPHONEOS_DEPLOYMENT_TARGET = 16.2;
				MTL_ENABLE_DEBUG_INFO = INCLUDE_SOURCE;
				MTL_FAST_MATH = YES;
				ONLY_ACTIVE_ARCH = YES;
				SDKROOT = iphoneos;
				SWIFT_ACTIVE_COMPILATION_CONDITIONS = DEBUG;
				SWIFT_OPTIMIZATION_LEVEL = "-Onone";
			};
			name = Debug;
		};
		DCCD07602A1625C5002CB449 /* Release */ = {
			isa = XCBuildConfiguration;
			buildSettings = {
				ALWAYS_SEARCH_USER_PATHS = NO;
				CLANG_ANALYZER_NONNULL = YES;
				CLANG_ANALYZER_NUMBER_OBJECT_CONVERSION = YES_AGGRESSIVE;
				CLANG_CXX_LANGUAGE_STANDARD = "gnu++20";
				CLANG_ENABLE_MODULES = YES;
				CLANG_ENABLE_OBJC_ARC = YES;
				CLANG_ENABLE_OBJC_WEAK = YES;
				CLANG_WARN_BLOCK_CAPTURE_AUTORELEASING = YES;
				CLANG_WARN_BOOL_CONVERSION = YES;
				CLANG_WARN_COMMA = YES;
				CLANG_WARN_CONSTANT_CONVERSION = YES;
				CLANG_WARN_DEPRECATED_OBJC_IMPLEMENTATIONS = YES;
				CLANG_WARN_DIRECT_OBJC_ISA_USAGE = YES_ERROR;
				CLANG_WARN_DOCUMENTATION_COMMENTS = YES;
				CLANG_WARN_EMPTY_BODY = YES;
				CLANG_WARN_ENUM_CONVERSION = YES;
				CLANG_WARN_INFINITE_RECURSION = YES;
				CLANG_WARN_INT_CONVERSION = YES;
				CLANG_WARN_NON_LITERAL_NULL_CONVERSION = YES;
				CLANG_WARN_OBJC_IMPLICIT_RETAIN_SELF = YES;
				CLANG_WARN_OBJC_LITERAL_CONVERSION = YES;
				CLANG_WARN_OBJC_ROOT_CLASS = YES_ERROR;
				CLANG_WARN_QUOTED_INCLUDE_IN_FRAMEWORK_HEADER = YES;
				CLANG_WARN_RANGE_LOOP_ANALYSIS = YES;
				CLANG_WARN_STRICT_PROTOTYPES = YES;
				CLANG_WARN_SUSPICIOUS_MOVE = YES;
				CLANG_WARN_UNGUARDED_AVAILABILITY = YES_AGGRESSIVE;
				CLANG_WARN_UNREACHABLE_CODE = YES;
				CLANG_WARN__DUPLICATE_METHOD_MATCH = YES;
				COPY_PHASE_STRIP = NO;
				DEBUG_INFORMATION_FORMAT = "dwarf-with-dsym";
				ENABLE_NS_ASSERTIONS = NO;
				ENABLE_STRICT_OBJC_MSGSEND = YES;
				GCC_C_LANGUAGE_STANDARD = gnu11;
				GCC_NO_COMMON_BLOCKS = YES;
				GCC_WARN_64_TO_32_BIT_CONVERSION = YES;
				GCC_WARN_ABOUT_RETURN_TYPE = YES_ERROR;
				GCC_WARN_UNDECLARED_SELECTOR = YES;
				GCC_WARN_UNINITIALIZED_AUTOS = YES_AGGRESSIVE;
				GCC_WARN_UNUSED_FUNCTION = YES;
				GCC_WARN_UNUSED_VARIABLE = YES;
				IPHONEOS_DEPLOYMENT_TARGET = 16.2;
				MTL_ENABLE_DEBUG_INFO = NO;
				MTL_FAST_MATH = YES;
				SDKROOT = iphoneos;
				SWIFT_COMPILATION_MODE = wholemodule;
				SWIFT_OPTIMIZATION_LEVEL = "-O";
				VALIDATE_PRODUCT = YES;
			};
			name = Release;
		};
		DCCD07622A1625C5002CB449 /* Debug */ = {
			isa = XCBuildConfiguration;
			buildSettings = {
				ASSETCATALOG_COMPILER_APPICON_NAME = AppIcon;
				ASSETCATALOG_COMPILER_GLOBAL_ACCENT_COLOR_NAME = AccentColor;
				CODE_SIGN_STYLE = Automatic;
				CURRENT_PROJECT_VERSION = 1;
				DEVELOPMENT_ASSET_PATHS = "\"SoundScout/Preview Content\"";
				DEVELOPMENT_TEAM = 3FSY7YVHJY;
				ENABLE_PREVIEWS = YES;
				GENERATE_INFOPLIST_FILE = YES;
				INFOPLIST_FILE = SoundScout/Info.plist;
				INFOPLIST_KEY_UIApplicationSceneManifest_Generation = YES;
				INFOPLIST_KEY_UIApplicationSupportsIndirectInputEvents = YES;
				INFOPLIST_KEY_UILaunchScreen_Generation = YES;
				INFOPLIST_KEY_UISupportedInterfaceOrientations = "UIInterfaceOrientationLandscapeLeft UIInterfaceOrientationLandscapeRight UIInterfaceOrientationPortrait";
				INFOPLIST_KEY_UISupportedInterfaceOrientations_iPad = "UIInterfaceOrientationLandscapeLeft UIInterfaceOrientationLandscapeRight";
				LD_RUNPATH_SEARCH_PATHS = (
					"$(inherited)",
					"@executable_path/Frameworks",
				);
				MARKETING_VERSION = 1.0;
				PRODUCT_BUNDLE_IDENTIFIER = com.thomPheijffer.SoundScout;
				PRODUCT_NAME = "$(TARGET_NAME)";
				SWIFT_EMIT_LOC_STRINGS = YES;
				SWIFT_VERSION = 5.0;
				TARGETED_DEVICE_FAMILY = "1,2";
			};
			name = Debug;
		};
		DCCD07632A1625C5002CB449 /* Release */ = {
			isa = XCBuildConfiguration;
			buildSettings = {
				ASSETCATALOG_COMPILER_APPICON_NAME = AppIcon;
				ASSETCATALOG_COMPILER_GLOBAL_ACCENT_COLOR_NAME = AccentColor;
				CODE_SIGN_STYLE = Automatic;
				CURRENT_PROJECT_VERSION = 1;
				DEVELOPMENT_ASSET_PATHS = "\"SoundScout/Preview Content\"";
				DEVELOPMENT_TEAM = 3FSY7YVHJY;
				ENABLE_PREVIEWS = YES;
				GENERATE_INFOPLIST_FILE = YES;
				INFOPLIST_FILE = SoundScout/Info.plist;
				INFOPLIST_KEY_UIApplicationSceneManifest_Generation = YES;
				INFOPLIST_KEY_UIApplicationSupportsIndirectInputEvents = YES;
				INFOPLIST_KEY_UILaunchScreen_Generation = YES;
				INFOPLIST_KEY_UISupportedInterfaceOrientations = "UIInterfaceOrientationLandscapeLeft UIInterfaceOrientationLandscapeRight UIInterfaceOrientationPortrait";
				INFOPLIST_KEY_UISupportedInterfaceOrientations_iPad = "UIInterfaceOrientationLandscapeLeft UIInterfaceOrientationLandscapeRight";
				LD_RUNPATH_SEARCH_PATHS = (
					"$(inherited)",
					"@executable_path/Frameworks",
				);
				MARKETING_VERSION = 1.0;
				PRODUCT_BUNDLE_IDENTIFIER = com.thomPheijffer.SoundScout;
				PRODUCT_NAME = "$(TARGET_NAME)";
				SWIFT_EMIT_LOC_STRINGS = YES;
				SWIFT_VERSION = 5.0;
				TARGETED_DEVICE_FAMILY = "1,2";
			};
			name = Release;
		};
/* End XCBuildConfiguration section */

/* Begin XCConfigurationList section */
		DCCD074E2A1625C4002CB449 /* Build configuration list for PBXProject "SoundScout" */ = {
			isa = XCConfigurationList;
			buildConfigurations = (
				DCCD075F2A1625C5002CB449 /* Debug */,
				DCCD07602A1625C5002CB449 /* Release */,
			);
			defaultConfigurationIsVisible = 0;
			defaultConfigurationName = Release;
		};
		DCCD07612A1625C5002CB449 /* Build configuration list for PBXNativeTarget "SoundScout" */ = {
			isa = XCConfigurationList;
			buildConfigurations = (
				DCCD07622A1625C5002CB449 /* Debug */,
				DCCD07632A1625C5002CB449 /* Release */,
			);
			defaultConfigurationIsVisible = 0;
			defaultConfigurationName = Release;
		};
/* End XCConfigurationList section */

/* Begin XCRemoteSwiftPackageReference section */
		DC4C549F2A1E436900E8141C /* XCRemoteSwiftPackageReference "SpotifyAPI" */ = {
			isa = XCRemoteSwiftPackageReference;
			repositoryURL = "https://github.com/Peter-Schorn/SpotifyAPI.git";
			requirement = {
				kind = upToNextMajorVersion;
				minimumVersion = 2.0.0;
			};
		};
		DC4C54A52A1E461B00E8141C /* XCRemoteSwiftPackageReference "KeychainAccess" */ = {
			isa = XCRemoteSwiftPackageReference;
			repositoryURL = "https://github.com/kishikawakatsumi/KeychainAccess.git";
			requirement = {
				kind = upToNextMajorVersion;
				minimumVersion = 4.2.1;
			};
		};
/* End XCRemoteSwiftPackageReference section */

/* Begin XCSwiftPackageProductDependency section */
		DC4C54A02A1E436900E8141C /* SpotifyAPI */ = {
			isa = XCSwiftPackageProductDependency;
			package = DC4C549F2A1E436900E8141C /* XCRemoteSwiftPackageReference "SpotifyAPI" */;
			productName = SpotifyAPI;
		};
		DC4C54A62A1E461B00E8141C /* KeychainAccess */ = {
			isa = XCSwiftPackageProductDependency;
			package = DC4C54A52A1E461B00E8141C /* XCRemoteSwiftPackageReference "KeychainAccess" */;
			productName = KeychainAccess;
		};
/* End XCSwiftPackageProductDependency section */
	};
	rootObject = DCCD074B2A1625C4002CB449 /* Project object */;
}
